// !$*UTF8*$!
{
	archiveVersion = 1;
	classes = {
	};
	objectVersion = 48;
	objects = {

/* Begin PBXBuildFile section */
		1F2DEE4F1FD9D75D00739406 /* Features.storyboard in Resources */ = {isa = PBXBuildFile; fileRef = 1F2DEE4E1FD9D75D00739406 /* Features.storyboard */; };
		1F2DEE511FD9D80100739406 /* FeatureCell.swift in Sources */ = {isa = PBXBuildFile; fileRef = 1F2DEE501FD9D80100739406 /* FeatureCell.swift */; };
		1F2DEE531FD9D93C00739406 /* FeaturesScreenViewController.swift in Sources */ = {isa = PBXBuildFile; fileRef = 1F2DEE521FD9D93C00739406 /* FeaturesScreenViewController.swift */; };
		1F2DEE561FD9D97E00739406 /* FeaturesScreenConfigurator.swift in Sources */ = {isa = PBXBuildFile; fileRef = 1F2DEE551FD9D97E00739406 /* FeaturesScreenConfigurator.swift */; };
		1F2DEE591FD9D9C200739406 /* FeaturesScreenPresenter.swift in Sources */ = {isa = PBXBuildFile; fileRef = 1F2DEE581FD9D9C200739406 /* FeaturesScreenPresenter.swift */; };
		1F2DEE5C1FD9DAF700739406 /* FeaturesScreenRouter.swift in Sources */ = {isa = PBXBuildFile; fileRef = 1F2DEE5B1FD9DAF700739406 /* FeaturesScreenRouter.swift */; };
		1F2DEE5F1FD9DC0400739406 /* FeaturesScreenInteractor.swift in Sources */ = {isa = PBXBuildFile; fileRef = 1F2DEE5E1FD9DC0400739406 /* FeaturesScreenInteractor.swift */; };
		1FC6860A1FDDDD0A00F42E3D /* Project.swift in Sources */ = {isa = PBXBuildFile; fileRef = 1FC686091FDDDD0A00F42E3D /* Project.swift */; };
		C55AA21F1FE14BC80088C5FA /* TaskPresenter.swift in Sources */ = {isa = PBXBuildFile; fileRef = C55AA21E1FE14BC80088C5FA /* TaskPresenter.swift */; };
		C55AA2221FE14BEA0088C5FA /* TaskInteractor.swift in Sources */ = {isa = PBXBuildFile; fileRef = C55AA2211FE14BEA0088C5FA /* TaskInteractor.swift */; };
		C55AA2251FE14C0B0088C5FA /* TaskRouter.swift in Sources */ = {isa = PBXBuildFile; fileRef = C55AA2241FE14C0B0088C5FA /* TaskRouter.swift */; };
		C55AA2281FE14C2A0088C5FA /* TaskConfigurator.swift in Sources */ = {isa = PBXBuildFile; fileRef = C55AA2271FE14C290088C5FA /* TaskConfigurator.swift */; };
		C55AA22A1FE16CB30088C5FA /* TaskFinishedViewController.swift in Sources */ = {isa = PBXBuildFile; fileRef = C55AA2291FE16CB30088C5FA /* TaskFinishedViewController.swift */; };
		C55AA22C1FE27F6E0088C5FA /* TaskTimer.swift in Sources */ = {isa = PBXBuildFile; fileRef = C55AA22B1FE27F6E0088C5FA /* TaskTimer.swift */; };
		C55AA22F1FE3B6800088C5FA /* Task.swift in Sources */ = {isa = PBXBuildFile; fileRef = C55AA22E1FE3B6800088C5FA /* Task.swift */; };
		C57ED6281FDECD2D00588171 /* Feature.swift in Sources */ = {isa = PBXBuildFile; fileRef = C57ED6271FDECD2D00588171 /* Feature.swift */; };
		C57ED62A1FDFFA0500588171 /* CreateItemPresenter.swift in Sources */ = {isa = PBXBuildFile; fileRef = C57ED6291FDFFA0500588171 /* CreateItemPresenter.swift */; };
		C57ED62C1FDFFA2700588171 /* CreateItemRouter.swift in Sources */ = {isa = PBXBuildFile; fileRef = C57ED62B1FDFFA2700588171 /* CreateItemRouter.swift */; };
		C57ED62E1FDFFA4400588171 /* CreateItemConfigurator.swift in Sources */ = {isa = PBXBuildFile; fileRef = C57ED62D1FDFFA4400588171 /* CreateItemConfigurator.swift */; };
		C57ED6301FDFFEBA00588171 /* CreateItemInteractor.swift in Sources */ = {isa = PBXBuildFile; fileRef = C57ED62F1FDFFEBA00588171 /* CreateItemInteractor.swift */; };
		C57ED6331FE0236700588171 /* Tasks.storyboard in Resources */ = {isa = PBXBuildFile; fileRef = C57ED6321FE0236700588171 /* Tasks.storyboard */; };
		C57ED6351FE0237E00588171 /* TasksViewController.swift in Sources */ = {isa = PBXBuildFile; fileRef = C57ED6341FE0237E00588171 /* TasksViewController.swift */; };
		C57ED6371FE0313A00588171 /* TaskCell.swift in Sources */ = {isa = PBXBuildFile; fileRef = C57ED6361FE0313A00588171 /* TaskCell.swift */; };
		C58C90211FDAD89C007D0E6C /* DbManager.swift in Sources */ = {isa = PBXBuildFile; fileRef = C58C90201FDAD89C007D0E6C /* DbManager.swift */; };
		C591FDDF1FD6C811007BE2D3 /* AppDelegate.swift in Sources */ = {isa = PBXBuildFile; fileRef = C591FDDE1FD6C811007BE2D3 /* AppDelegate.swift */; };
		C591FDE11FD6C811007BE2D3 /* ViewController.swift in Sources */ = {isa = PBXBuildFile; fileRef = C591FDE01FD6C811007BE2D3 /* ViewController.swift */; };
		C591FDE41FD6C811007BE2D3 /* Main.storyboard in Resources */ = {isa = PBXBuildFile; fileRef = C591FDE21FD6C811007BE2D3 /* Main.storyboard */; };
		C591FDE61FD6C811007BE2D3 /* Assets.xcassets in Resources */ = {isa = PBXBuildFile; fileRef = C591FDE51FD6C811007BE2D3 /* Assets.xcassets */; };
		C591FDE91FD6C811007BE2D3 /* LaunchScreen.storyboard in Resources */ = {isa = PBXBuildFile; fileRef = C591FDE71FD6C811007BE2D3 /* LaunchScreen.storyboard */; };
		C591FDFA1FD6CB0B007BE2D3 /* LoginScreenIPhone.storyboard in Resources */ = {isa = PBXBuildFile; fileRef = C591FDF91FD6CB0B007BE2D3 /* LoginScreenIPhone.storyboard */; };
		C591FDFC1FD6CB7F007BE2D3 /* LoginScreenIPad.storyboard in Resources */ = {isa = PBXBuildFile; fileRef = C591FDFB1FD6CB7F007BE2D3 /* LoginScreenIPad.storyboard */; };
		C591FE021FD6D0D6007BE2D3 /* AppDependencies.swift in Sources */ = {isa = PBXBuildFile; fileRef = C591FE011FD6D0D6007BE2D3 /* AppDependencies.swift */; };
		C5F184E91FD829F5002AA55E /* ProjectCell.swift in Sources */ = {isa = PBXBuildFile; fileRef = C5F184E81FD829F5002AA55E /* ProjectCell.swift */; };
		C5F184EC1FD8319B002AA55E /* ProjectsScreenInteractor.swift in Sources */ = {isa = PBXBuildFile; fileRef = C5F184EB1FD8319B002AA55E /* ProjectsScreenInteractor.swift */; };
		C5F184F51FD838D0002AA55E /* CreateProject.storyboard in Resources */ = {isa = PBXBuildFile; fileRef = C5F184F41FD838D0002AA55E /* CreateProject.storyboard */; };
		C5F184F71FD838F9002AA55E /* CreateProjectViewController.swift in Sources */ = {isa = PBXBuildFile; fileRef = C5F184F61FD838F9002AA55E /* CreateProjectViewController.swift */; };
		D91303BE1FD6E74800F6F9E7 /* LoginScreenViewController.swift in Sources */ = {isa = PBXBuildFile; fileRef = D91303BD1FD6E74800F6F9E7 /* LoginScreenViewController.swift */; };
		D91303C01FD6E7F200F6F9E7 /* LoginScreenPresenter.swift in Sources */ = {isa = PBXBuildFile; fileRef = D91303BF1FD6E7F200F6F9E7 /* LoginScreenPresenter.swift */; };
		D91303C41FD6ED5200F6F9E7 /* ProjectsScreen.storyboard in Resources */ = {isa = PBXBuildFile; fileRef = D91303C31FD6ED5200F6F9E7 /* ProjectsScreen.storyboard */; };
		D91303C61FD6ED9F00F6F9E7 /* ProjectsScreenViewController.swift in Sources */ = {isa = PBXBuildFile; fileRef = D91303C51FD6ED9F00F6F9E7 /* ProjectsScreenViewController.swift */; };
		D91303C81FD6EDBB00F6F9E7 /* ProjectsScreenPresenter.swift in Sources */ = {isa = PBXBuildFile; fileRef = D91303C71FD6EDBB00F6F9E7 /* ProjectsScreenPresenter.swift */; };
		D91303CA1FD6EDF100F6F9E7 /* LoginScreenRouter.swift in Sources */ = {isa = PBXBuildFile; fileRef = D91303C91FD6EDF100F6F9E7 /* LoginScreenRouter.swift */; };
		D91303CD1FD6FA8300F6F9E7 /* LoginScreenConfigurator.swift in Sources */ = {isa = PBXBuildFile; fileRef = D91303CC1FD6FA8300F6F9E7 /* LoginScreenConfigurator.swift */; };
		D95BE3761FD7E2FC005BA9A0 /* ProjectsScreenConfigurator.swift in Sources */ = {isa = PBXBuildFile; fileRef = D95BE3751FD7E2FC005BA9A0 /* ProjectsScreenConfigurator.swift */; };
		D95BE3791FD7E46B005BA9A0 /* ProjectsScreenRouter.swift in Sources */ = {isa = PBXBuildFile; fileRef = D95BE3781FD7E46B005BA9A0 /* ProjectsScreenRouter.swift */; };
		D95BE37D1FD7F668005BA9A0 /* GoogleService-Info.plist in Resources */ = {isa = PBXBuildFile; fileRef = D95BE37C1FD7F668005BA9A0 /* GoogleService-Info.plist */; };
		DC0D1F4C7DB8D9CD88038393 /* Pods_aPartime.framework in Frameworks */ = {isa = PBXBuildFile; fileRef = A07C918B93D3BCD51E410A83 /* Pods_aPartime.framework */; };
/* End PBXBuildFile section */

/* Begin PBXFileReference section */
		1F2DEE4E1FD9D75D00739406 /* Features.storyboard */ = {isa = PBXFileReference; lastKnownFileType = file.storyboard; path = Features.storyboard; sourceTree = "<group>"; };
		1F2DEE501FD9D80100739406 /* FeatureCell.swift */ = {isa = PBXFileReference; lastKnownFileType = sourcecode.swift; path = FeatureCell.swift; sourceTree = "<group>"; };
		1F2DEE521FD9D93C00739406 /* FeaturesScreenViewController.swift */ = {isa = PBXFileReference; lastKnownFileType = sourcecode.swift; path = FeaturesScreenViewController.swift; sourceTree = "<group>"; };
		1F2DEE551FD9D97E00739406 /* FeaturesScreenConfigurator.swift */ = {isa = PBXFileReference; lastKnownFileType = sourcecode.swift; path = FeaturesScreenConfigurator.swift; sourceTree = "<group>"; };
		1F2DEE581FD9D9C200739406 /* FeaturesScreenPresenter.swift */ = {isa = PBXFileReference; lastKnownFileType = sourcecode.swift; path = FeaturesScreenPresenter.swift; sourceTree = "<group>"; };
		1F2DEE5B1FD9DAF700739406 /* FeaturesScreenRouter.swift */ = {isa = PBXFileReference; lastKnownFileType = sourcecode.swift; path = FeaturesScreenRouter.swift; sourceTree = "<group>"; };
		1F2DEE5E1FD9DC0400739406 /* FeaturesScreenInteractor.swift */ = {isa = PBXFileReference; lastKnownFileType = sourcecode.swift; path = FeaturesScreenInteractor.swift; sourceTree = "<group>"; };
		1FC686091FDDDD0A00F42E3D /* Project.swift */ = {isa = PBXFileReference; lastKnownFileType = sourcecode.swift; path = Project.swift; sourceTree = "<group>"; };
		A07C918B93D3BCD51E410A83 /* Pods_aPartime.framework */ = {isa = PBXFileReference; explicitFileType = wrapper.framework; includeInIndex = 0; path = Pods_aPartime.framework; sourceTree = BUILT_PRODUCTS_DIR; };
		C55AA21E1FE14BC80088C5FA /* TaskPresenter.swift */ = {isa = PBXFileReference; lastKnownFileType = sourcecode.swift; path = TaskPresenter.swift; sourceTree = "<group>"; };
		C55AA2211FE14BEA0088C5FA /* TaskInteractor.swift */ = {isa = PBXFileReference; lastKnownFileType = sourcecode.swift; path = TaskInteractor.swift; sourceTree = "<group>"; };
		C55AA2241FE14C0B0088C5FA /* TaskRouter.swift */ = {isa = PBXFileReference; lastKnownFileType = sourcecode.swift; path = TaskRouter.swift; sourceTree = "<group>"; };
		C55AA2271FE14C290088C5FA /* TaskConfigurator.swift */ = {isa = PBXFileReference; lastKnownFileType = sourcecode.swift; path = TaskConfigurator.swift; sourceTree = "<group>"; };
		C55AA2291FE16CB30088C5FA /* TaskFinishedViewController.swift */ = {isa = PBXFileReference; lastKnownFileType = sourcecode.swift; path = TaskFinishedViewController.swift; sourceTree = "<group>"; };
		C55AA22B1FE27F6E0088C5FA /* TaskTimer.swift */ = {isa = PBXFileReference; lastKnownFileType = sourcecode.swift; path = TaskTimer.swift; sourceTree = "<group>"; };
		C55AA22E1FE3B6800088C5FA /* Task.swift */ = {isa = PBXFileReference; lastKnownFileType = sourcecode.swift; path = Task.swift; sourceTree = "<group>"; };
		C57ED6271FDECD2D00588171 /* Feature.swift */ = {isa = PBXFileReference; lastKnownFileType = sourcecode.swift; path = Feature.swift; sourceTree = "<group>"; };
		C57ED6291FDFFA0500588171 /* CreateItemPresenter.swift */ = {isa = PBXFileReference; lastKnownFileType = sourcecode.swift; path = CreateItemPresenter.swift; sourceTree = "<group>"; };
		C57ED62B1FDFFA2700588171 /* CreateItemRouter.swift */ = {isa = PBXFileReference; lastKnownFileType = sourcecode.swift; path = CreateItemRouter.swift; sourceTree = "<group>"; };
		C57ED62D1FDFFA4400588171 /* CreateItemConfigurator.swift */ = {isa = PBXFileReference; lastKnownFileType = sourcecode.swift; path = CreateItemConfigurator.swift; sourceTree = "<group>"; };
		C57ED62F1FDFFEBA00588171 /* CreateItemInteractor.swift */ = {isa = PBXFileReference; lastKnownFileType = sourcecode.swift; path = CreateItemInteractor.swift; sourceTree = "<group>"; };
		C57ED6321FE0236700588171 /* Tasks.storyboard */ = {isa = PBXFileReference; lastKnownFileType = file.storyboard; path = Tasks.storyboard; sourceTree = "<group>"; };
		C57ED6341FE0237E00588171 /* TasksViewController.swift */ = {isa = PBXFileReference; lastKnownFileType = sourcecode.swift; path = TasksViewController.swift; sourceTree = "<group>"; };
		C57ED6361FE0313A00588171 /* TaskCell.swift */ = {isa = PBXFileReference; lastKnownFileType = sourcecode.swift; path = TaskCell.swift; sourceTree = "<group>"; };
		C58C90201FDAD89C007D0E6C /* DbManager.swift */ = {isa = PBXFileReference; lastKnownFileType = sourcecode.swift; path = DbManager.swift; sourceTree = "<group>"; };
		C591FDDB1FD6C811007BE2D3 /* aPartime.app */ = {isa = PBXFileReference; explicitFileType = wrapper.application; includeInIndex = 0; path = aPartime.app; sourceTree = BUILT_PRODUCTS_DIR; };
		C591FDDE1FD6C811007BE2D3 /* AppDelegate.swift */ = {isa = PBXFileReference; lastKnownFileType = sourcecode.swift; path = AppDelegate.swift; sourceTree = "<group>"; };
		C591FDE01FD6C811007BE2D3 /* ViewController.swift */ = {isa = PBXFileReference; lastKnownFileType = sourcecode.swift; path = ViewController.swift; sourceTree = "<group>"; };
		C591FDE31FD6C811007BE2D3 /* Base */ = {isa = PBXFileReference; lastKnownFileType = file.storyboard; name = Base; path = Base.lproj/Main.storyboard; sourceTree = "<group>"; };
		C591FDE51FD6C811007BE2D3 /* Assets.xcassets */ = {isa = PBXFileReference; lastKnownFileType = folder.assetcatalog; path = Assets.xcassets; sourceTree = "<group>"; };
		C591FDE81FD6C811007BE2D3 /* Base */ = {isa = PBXFileReference; lastKnownFileType = file.storyboard; name = Base; path = Base.lproj/LaunchScreen.storyboard; sourceTree = "<group>"; };
		C591FDEA1FD6C811007BE2D3 /* Info.plist */ = {isa = PBXFileReference; lastKnownFileType = text.plist.xml; path = Info.plist; sourceTree = "<group>"; };
		C591FDF91FD6CB0B007BE2D3 /* LoginScreenIPhone.storyboard */ = {isa = PBXFileReference; lastKnownFileType = file.storyboard; path = LoginScreenIPhone.storyboard; sourceTree = "<group>"; };
		C591FDFB1FD6CB7F007BE2D3 /* LoginScreenIPad.storyboard */ = {isa = PBXFileReference; lastKnownFileType = file.storyboard; path = LoginScreenIPad.storyboard; sourceTree = "<group>"; };
		C591FE011FD6D0D6007BE2D3 /* AppDependencies.swift */ = {isa = PBXFileReference; lastKnownFileType = sourcecode.swift; path = AppDependencies.swift; sourceTree = "<group>"; };
		C5F184E81FD829F5002AA55E /* ProjectCell.swift */ = {isa = PBXFileReference; lastKnownFileType = sourcecode.swift; path = ProjectCell.swift; sourceTree = "<group>"; };
		C5F184EB1FD8319B002AA55E /* ProjectsScreenInteractor.swift */ = {isa = PBXFileReference; lastKnownFileType = sourcecode.swift; path = ProjectsScreenInteractor.swift; sourceTree = "<group>"; };
		C5F184F41FD838D0002AA55E /* CreateProject.storyboard */ = {isa = PBXFileReference; lastKnownFileType = file.storyboard; path = CreateProject.storyboard; sourceTree = "<group>"; };
		C5F184F61FD838F9002AA55E /* CreateProjectViewController.swift */ = {isa = PBXFileReference; lastKnownFileType = sourcecode.swift; path = CreateProjectViewController.swift; sourceTree = "<group>"; };
		D91303BD1FD6E74800F6F9E7 /* LoginScreenViewController.swift */ = {isa = PBXFileReference; lastKnownFileType = sourcecode.swift; path = LoginScreenViewController.swift; sourceTree = "<group>"; };
		D91303BF1FD6E7F200F6F9E7 /* LoginScreenPresenter.swift */ = {isa = PBXFileReference; lastKnownFileType = sourcecode.swift; path = LoginScreenPresenter.swift; sourceTree = "<group>"; };
		D91303C31FD6ED5200F6F9E7 /* ProjectsScreen.storyboard */ = {isa = PBXFileReference; lastKnownFileType = file.storyboard; path = ProjectsScreen.storyboard; sourceTree = "<group>"; };
		D91303C51FD6ED9F00F6F9E7 /* ProjectsScreenViewController.swift */ = {isa = PBXFileReference; lastKnownFileType = sourcecode.swift; path = ProjectsScreenViewController.swift; sourceTree = "<group>"; };
		D91303C71FD6EDBB00F6F9E7 /* ProjectsScreenPresenter.swift */ = {isa = PBXFileReference; lastKnownFileType = sourcecode.swift; path = ProjectsScreenPresenter.swift; sourceTree = "<group>"; };
		D91303C91FD6EDF100F6F9E7 /* LoginScreenRouter.swift */ = {isa = PBXFileReference; lastKnownFileType = sourcecode.swift; name = LoginScreenRouter.swift; path = aPartime/Modules/ProjectsScreen/Presenter/LoginScreenRouter.swift; sourceTree = SOURCE_ROOT; };
		D91303CC1FD6FA8300F6F9E7 /* LoginScreenConfigurator.swift */ = {isa = PBXFileReference; lastKnownFileType = sourcecode.swift; path = LoginScreenConfigurator.swift; sourceTree = "<group>"; };
		D95BE3751FD7E2FC005BA9A0 /* ProjectsScreenConfigurator.swift */ = {isa = PBXFileReference; lastKnownFileType = sourcecode.swift; path = ProjectsScreenConfigurator.swift; sourceTree = "<group>"; };
		D95BE3781FD7E46B005BA9A0 /* ProjectsScreenRouter.swift */ = {isa = PBXFileReference; lastKnownFileType = sourcecode.swift; path = ProjectsScreenRouter.swift; sourceTree = "<group>"; };
		D95BE37C1FD7F668005BA9A0 /* GoogleService-Info.plist */ = {isa = PBXFileReference; fileEncoding = 4; lastKnownFileType = text.plist.xml; path = "GoogleService-Info.plist"; sourceTree = "<group>"; };
		DD470F8E1502B8054162C024 /* Pods-aPartime.release.xcconfig */ = {isa = PBXFileReference; includeInIndex = 1; lastKnownFileType = text.xcconfig; name = "Pods-aPartime.release.xcconfig"; path = "Pods/Target Support Files/Pods-aPartime/Pods-aPartime.release.xcconfig"; sourceTree = "<group>"; };
		F460FA9BC4160BD6AB1A4269 /* Pods-aPartime.debug.xcconfig */ = {isa = PBXFileReference; includeInIndex = 1; lastKnownFileType = text.xcconfig; name = "Pods-aPartime.debug.xcconfig"; path = "Pods/Target Support Files/Pods-aPartime/Pods-aPartime.debug.xcconfig"; sourceTree = "<group>"; };
/* End PBXFileReference section */

/* Begin PBXFrameworksBuildPhase section */
		C591FDD81FD6C811007BE2D3 /* Frameworks */ = {
			isa = PBXFrameworksBuildPhase;
			buildActionMask = 2147483647;
			files = (
				DC0D1F4C7DB8D9CD88038393 /* Pods_aPartime.framework in Frameworks */,
			);
			runOnlyForDeploymentPostprocessing = 0;
		};
/* End PBXFrameworksBuildPhase section */

/* Begin PBXGroup section */
		1F2DEE4D1FD9D73900739406 /* View */ = {
			isa = PBXGroup;
			children = (
				1F2DEE4E1FD9D75D00739406 /* Features.storyboard */,
				1F2DEE501FD9D80100739406 /* FeatureCell.swift */,
				1F2DEE521FD9D93C00739406 /* FeaturesScreenViewController.swift */,
			);
			name = View;
			path = "New Group";
			sourceTree = "<group>";
		};
		1F2DEE541FD9D94A00739406 /* Configurator */ = {
			isa = PBXGroup;
			children = (
				1F2DEE551FD9D97E00739406 /* FeaturesScreenConfigurator.swift */,
			);
			name = Configurator;
			path = "New Group1";
			sourceTree = "<group>";
		};
		1F2DEE571FD9D9A200739406 /* Presenter */ = {
			isa = PBXGroup;
			children = (
				1F2DEE581FD9D9C200739406 /* FeaturesScreenPresenter.swift */,
			);
			name = Presenter;
			path = "New Group2";
			sourceTree = "<group>";
		};
		1F2DEE5A1FD9DAE000739406 /* Router */ = {
			isa = PBXGroup;
			children = (
				1F2DEE5B1FD9DAF700739406 /* FeaturesScreenRouter.swift */,
			);
			path = Router;
			sourceTree = "<group>";
		};
		1F2DEE5D1FD9DBE400739406 /* Interactor */ = {
			isa = PBXGroup;
			children = (
				1F2DEE5E1FD9DC0400739406 /* FeaturesScreenInteractor.swift */,
			);
			path = Interactor;
			sourceTree = "<group>";
		};
		1FC686081FDDDCED00F42E3D /* Entity */ = {
			isa = PBXGroup;
			children = (
				1FC686091FDDDD0A00F42E3D /* Project.swift */,
			);
			path = Entity;
			sourceTree = "<group>";
		};
		9498883B2E75E3793943E603 /* Pods */ = {
			isa = PBXGroup;
			children = (
				F460FA9BC4160BD6AB1A4269 /* Pods-aPartime.debug.xcconfig */,
				DD470F8E1502B8054162C024 /* Pods-aPartime.release.xcconfig */,
			);
			name = Pods;
			sourceTree = "<group>";
		};
		C55AA21D1FE14BAF0088C5FA /* Presenter */ = {
			isa = PBXGroup;
			children = (
				C55AA21E1FE14BC80088C5FA /* TaskPresenter.swift */,
			);
			path = Presenter;
			sourceTree = "<group>";
		};
		C55AA2201FE14BCE0088C5FA /* Interactor */ = {
			isa = PBXGroup;
			children = (
				C55AA2211FE14BEA0088C5FA /* TaskInteractor.swift */,
				C55AA22B1FE27F6E0088C5FA /* TaskTimer.swift */,
			);
			path = Interactor;
			sourceTree = "<group>";
		};
		C55AA2231FE14BF50088C5FA /* Router */ = {
			isa = PBXGroup;
			children = (
				C55AA2241FE14C0B0088C5FA /* TaskRouter.swift */,
			);
			path = Router;
			sourceTree = "<group>";
		};
		C55AA2261FE14C100088C5FA /* Configurator */ = {
			isa = PBXGroup;
			children = (
				C55AA2271FE14C290088C5FA /* TaskConfigurator.swift */,
			);
			path = Configurator;
			sourceTree = "<group>";
		};
		C55AA22D1FE3B6620088C5FA /* Entity */ = {
			isa = PBXGroup;
			children = (
				C55AA22E1FE3B6800088C5FA /* Task.swift */,
			);
			path = Entity;
			sourceTree = "<group>";
		};
		C57ED6261FDECD1200588171 /* Entity */ = {
			isa = PBXGroup;
			children = (
				C57ED6271FDECD2D00588171 /* Feature.swift */,
			);
			path = Entity;
			sourceTree = "<group>";
		};
		C57ED6311FE0234A00588171 /* View */ = {
			isa = PBXGroup;
			children = (
				C57ED6321FE0236700588171 /* Tasks.storyboard */,
				C57ED6341FE0237E00588171 /* TasksViewController.swift */,
				C57ED6361FE0313A00588171 /* TaskCell.swift */,
				C55AA2291FE16CB30088C5FA /* TaskFinishedViewController.swift */,
			);
			path = View;
			sourceTree = "<group>";
		};
		C591FDD21FD6C811007BE2D3 = {
			isa = PBXGroup;
			children = (
				C591FDDD1FD6C811007BE2D3 /* aPartime */,
				C591FDDC1FD6C811007BE2D3 /* Products */,
				9498883B2E75E3793943E603 /* Pods */,
				E42521EF777570630E9306EE /* Frameworks */,
			);
			sourceTree = "<group>";
		};
		C591FDDC1FD6C811007BE2D3 /* Products */ = {
			isa = PBXGroup;
			children = (
				C591FDDB1FD6C811007BE2D3 /* aPartime.app */,
			);
			name = Products;
			sourceTree = "<group>";
		};
		C591FDDD1FD6C811007BE2D3 /* aPartime */ = {
			isa = PBXGroup;
			children = (
				C591FDF01FD6CA5C007BE2D3 /* Modules */,
				C591FDDE1FD6C811007BE2D3 /* AppDelegate.swift */,
				C591FE011FD6D0D6007BE2D3 /* AppDependencies.swift */,
				C591FDE01FD6C811007BE2D3 /* ViewController.swift */,
				C591FDE21FD6C811007BE2D3 /* Main.storyboard */,
				C591FDE51FD6C811007BE2D3 /* Assets.xcassets */,
				C591FDE71FD6C811007BE2D3 /* LaunchScreen.storyboard */,
				C591FDEA1FD6C811007BE2D3 /* Info.plist */,
				D95BE37C1FD7F668005BA9A0 /* GoogleService-Info.plist */,
				C58C90201FDAD89C007D0E6C /* DbManager.swift */,
			);
			path = aPartime;
			sourceTree = "<group>";
		};
		C591FDF01FD6CA5C007BE2D3 /* Modules */ = {
			isa = PBXGroup;
			children = (
				C5F184ED1FD83821002AA55E /* CreateModule */,
				C591FDF41FD6CA9E007BE2D3 /* TasksScreen */,
				C591FDF31FD6CA8B007BE2D3 /* FeaturesScreen */,
				C591FDF21FD6CA81007BE2D3 /* ProjectsScreen */,
				C591FDF11FD6CA6F007BE2D3 /* LoginScreen */,
			);
			path = Modules;
			sourceTree = "<group>";
		};
		C591FDF11FD6CA6F007BE2D3 /* LoginScreen */ = {
			isa = PBXGroup;
			children = (
				C591FDF51FD6CAAF007BE2D3 /* View */,
				C591FDF61FD6CAB8007BE2D3 /* Presenter */,
				C591FDF71FD6CAC1007BE2D3 /* Interactor */,
				C591FDF81FD6CACC007BE2D3 /* Router */,
				D91303CB1FD6FA6100F6F9E7 /* Configurator */,
			);
			path = LoginScreen;
			sourceTree = "<group>";
		};
		C591FDF21FD6CA81007BE2D3 /* ProjectsScreen */ = {
			isa = PBXGroup;
			children = (
				1FC686081FDDDCED00F42E3D /* Entity */,
				C5F184EA1FD83173002AA55E /* Interactor */,
				D91303C11FD6ED1500F6F9E7 /* View */,
				D91303C21FD6ED2200F6F9E7 /* Presenter */,
				D95BE3771FD7E455005BA9A0 /* Router */,
				D95BE3741FD7E2DE005BA9A0 /* Configurator */,
			);
			path = ProjectsScreen;
			sourceTree = "<group>";
		};
		C591FDF31FD6CA8B007BE2D3 /* FeaturesScreen */ = {
			isa = PBXGroup;
			children = (
				C57ED6261FDECD1200588171 /* Entity */,
				1F2DEE5D1FD9DBE400739406 /* Interactor */,
				1F2DEE5A1FD9DAE000739406 /* Router */,
				1F2DEE571FD9D9A200739406 /* Presenter */,
				1F2DEE541FD9D94A00739406 /* Configurator */,
				1F2DEE4D1FD9D73900739406 /* View */,
			);
			path = FeaturesScreen;
			sourceTree = "<group>";
		};
		C591FDF41FD6CA9E007BE2D3 /* TasksScreen */ = {
			isa = PBXGroup;
			children = (
				C55AA22D1FE3B6620088C5FA /* Entity */,
				C55AA2261FE14C100088C5FA /* Configurator */,
				C55AA2231FE14BF50088C5FA /* Router */,
				C55AA2201FE14BCE0088C5FA /* Interactor */,
				C55AA21D1FE14BAF0088C5FA /* Presenter */,
				C57ED6311FE0234A00588171 /* View */,
			);
			path = TasksScreen;
			sourceTree = "<group>";
		};
		C591FDF51FD6CAAF007BE2D3 /* View */ = {
			isa = PBXGroup;
			children = (
				C591FDF91FD6CB0B007BE2D3 /* LoginScreenIPhone.storyboard */,
				C591FDFB1FD6CB7F007BE2D3 /* LoginScreenIPad.storyboard */,
				D91303BD1FD6E74800F6F9E7 /* LoginScreenViewController.swift */,
			);
			path = View;
			sourceTree = "<group>";
		};
		C591FDF61FD6CAB8007BE2D3 /* Presenter */ = {
			isa = PBXGroup;
			children = (
				D91303BF1FD6E7F200F6F9E7 /* LoginScreenPresenter.swift */,
			);
			path = Presenter;
			sourceTree = "<group>";
		};
		C591FDF71FD6CAC1007BE2D3 /* Interactor */ = {
			isa = PBXGroup;
			children = (
			);
			path = Interactor;
			sourceTree = "<group>";
		};
		C591FDF81FD6CACC007BE2D3 /* Router */ = {
			isa = PBXGroup;
			children = (
				D91303C91FD6EDF100F6F9E7 /* LoginScreenRouter.swift */,
			);
			path = Router;
			sourceTree = "<group>";
		};
		C5F184EA1FD83173002AA55E /* Interactor */ = {
			isa = PBXGroup;
			children = (
				C5F184EB1FD8319B002AA55E /* ProjectsScreenInteractor.swift */,
			);
			path = Interactor;
			sourceTree = "<group>";
		};
		C5F184ED1FD83821002AA55E /* CreateModule */ = {
			isa = PBXGroup;
			children = (
				C5F184F31FD838A2002AA55E /* Configurator */,
				C5F184F21FD8388B002AA55E /* Router */,
				C5F184F11FD83876002AA55E /* Presenter */,
				C5F184EF1FD8385F002AA55E /* Interactor */,
				C5F184EE1FD83855002AA55E /* View */,
			);
			path = CreateModule;
			sourceTree = "<group>";
		};
		C5F184EE1FD83855002AA55E /* View */ = {
			isa = PBXGroup;
			children = (
				C5F184F41FD838D0002AA55E /* CreateProject.storyboard */,
				C5F184F61FD838F9002AA55E /* CreateProjectViewController.swift */,
			);
			path = View;
			sourceTree = "<group>";
		};
		C5F184EF1FD8385F002AA55E /* Interactor */ = {
			isa = PBXGroup;
			children = (
				C57ED62F1FDFFEBA00588171 /* CreateItemInteractor.swift */,
			);
			path = Interactor;
			sourceTree = "<group>";
		};
		C5F184F11FD83876002AA55E /* Presenter */ = {
			isa = PBXGroup;
			children = (
				C57ED6291FDFFA0500588171 /* CreateItemPresenter.swift */,
			);
			path = Presenter;
			sourceTree = "<group>";
		};
		C5F184F21FD8388B002AA55E /* Router */ = {
			isa = PBXGroup;
			children = (
				C57ED62B1FDFFA2700588171 /* CreateItemRouter.swift */,
			);
			name = Router;
			path = "New Group";
			sourceTree = "<group>";
		};
		C5F184F31FD838A2002AA55E /* Configurator */ = {
			isa = PBXGroup;
			children = (
				C57ED62D1FDFFA4400588171 /* CreateItemConfigurator.swift */,
			);
			path = Configurator;
			sourceTree = "<group>";
		};
		D91303C11FD6ED1500F6F9E7 /* View */ = {
			isa = PBXGroup;
			children = (
				D91303C31FD6ED5200F6F9E7 /* ProjectsScreen.storyboard */,
				D91303C51FD6ED9F00F6F9E7 /* ProjectsScreenViewController.swift */,
				C5F184E81FD829F5002AA55E /* ProjectCell.swift */,
			);
			path = View;
			sourceTree = "<group>";
		};
		D91303C21FD6ED2200F6F9E7 /* Presenter */ = {
			isa = PBXGroup;
			children = (
				D91303C71FD6EDBB00F6F9E7 /* ProjectsScreenPresenter.swift */,
			);
			path = Presenter;
			sourceTree = "<group>";
		};
		D91303CB1FD6FA6100F6F9E7 /* Configurator */ = {
			isa = PBXGroup;
			children = (
				D91303CC1FD6FA8300F6F9E7 /* LoginScreenConfigurator.swift */,
			);
			path = Configurator;
			sourceTree = "<group>";
		};
		D95BE3741FD7E2DE005BA9A0 /* Configurator */ = {
			isa = PBXGroup;
			children = (
				D95BE3751FD7E2FC005BA9A0 /* ProjectsScreenConfigurator.swift */,
			);
			path = Configurator;
			sourceTree = "<group>";
		};
		D95BE3771FD7E455005BA9A0 /* Router */ = {
			isa = PBXGroup;
			children = (
				D95BE3781FD7E46B005BA9A0 /* ProjectsScreenRouter.swift */,
			);
			path = Router;
			sourceTree = "<group>";
		};
		E42521EF777570630E9306EE /* Frameworks */ = {
			isa = PBXGroup;
			children = (
				A07C918B93D3BCD51E410A83 /* Pods_aPartime.framework */,
			);
			name = Frameworks;
			sourceTree = "<group>";
		};
/* End PBXGroup section */

/* Begin PBXNativeTarget section */
		C591FDDA1FD6C811007BE2D3 /* aPartime */ = {
			isa = PBXNativeTarget;
			buildConfigurationList = C591FDED1FD6C811007BE2D3 /* Build configuration list for PBXNativeTarget "aPartime" */;
			buildPhases = (
				1F5B83989B4B6B011A6EA8FB /* [CP] Check Pods Manifest.lock */,
				C591FDD71FD6C811007BE2D3 /* Sources */,
				C591FDD81FD6C811007BE2D3 /* Frameworks */,
				C591FDD91FD6C811007BE2D3 /* Resources */,
				912DB207B89E23F82C63AC7D /* [CP] Embed Pods Frameworks */,
				F498F8388ABE4CC579AC3A9B /* [CP] Copy Pods Resources */,
			);
			buildRules = (
			);
			dependencies = (
			);
			name = aPartime;
			productName = aPartime;
			productReference = C591FDDB1FD6C811007BE2D3 /* aPartime.app */;
			productType = "com.apple.product-type.application";
		};
/* End PBXNativeTarget section */

/* Begin PBXProject section */
		C591FDD31FD6C811007BE2D3 /* Project object */ = {
			isa = PBXProject;
			attributes = {
				LastSwiftUpdateCheck = 0910;
				LastUpgradeCheck = 0910;
				ORGANIZATIONNAME = kinectpro;
				TargetAttributes = {
					C591FDDA1FD6C811007BE2D3 = {
						CreatedOnToolsVersion = 9.1;
						ProvisioningStyle = Automatic;
					};
				};
			};
			buildConfigurationList = C591FDD61FD6C811007BE2D3 /* Build configuration list for PBXProject "aPartime" */;
			compatibilityVersion = "Xcode 8.0";
			developmentRegion = en;
			hasScannedForEncodings = 0;
			knownRegions = (
				en,
				Base,
			);
			mainGroup = C591FDD21FD6C811007BE2D3;
			productRefGroup = C591FDDC1FD6C811007BE2D3 /* Products */;
			projectDirPath = "";
			projectRoot = "";
			targets = (
				C591FDDA1FD6C811007BE2D3 /* aPartime */,
			);
		};
/* End PBXProject section */

/* Begin PBXResourcesBuildPhase section */
		C591FDD91FD6C811007BE2D3 /* Resources */ = {
			isa = PBXResourcesBuildPhase;
			buildActionMask = 2147483647;
			files = (
				C591FDE91FD6C811007BE2D3 /* LaunchScreen.storyboard in Resources */,
				C591FDFC1FD6CB7F007BE2D3 /* LoginScreenIPad.storyboard in Resources */,
				C5F184F51FD838D0002AA55E /* CreateProject.storyboard in Resources */,
				D91303C41FD6ED5200F6F9E7 /* ProjectsScreen.storyboard in Resources */,
				C591FDE61FD6C811007BE2D3 /* Assets.xcassets in Resources */,
				1F2DEE4F1FD9D75D00739406 /* Features.storyboard in Resources */,
				C57ED6331FE0236700588171 /* Tasks.storyboard in Resources */,
				C591FDFA1FD6CB0B007BE2D3 /* LoginScreenIPhone.storyboard in Resources */,
				C591FDE41FD6C811007BE2D3 /* Main.storyboard in Resources */,
				D95BE37D1FD7F668005BA9A0 /* GoogleService-Info.plist in Resources */,
			);
			runOnlyForDeploymentPostprocessing = 0;
		};
/* End PBXResourcesBuildPhase section */

/* Begin PBXShellScriptBuildPhase section */
		1F5B83989B4B6B011A6EA8FB /* [CP] Check Pods Manifest.lock */ = {
			isa = PBXShellScriptBuildPhase;
			buildActionMask = 2147483647;
			files = (
			);
			inputPaths = (
				"${PODS_PODFILE_DIR_PATH}/Podfile.lock",
				"${PODS_ROOT}/Manifest.lock",
			);
			name = "[CP] Check Pods Manifest.lock";
			outputPaths = (
				"$(DERIVED_FILE_DIR)/Pods-aPartime-checkManifestLockResult.txt",
			);
			runOnlyForDeploymentPostprocessing = 0;
			shellPath = /bin/sh;
			shellScript = "diff \"${PODS_PODFILE_DIR_PATH}/Podfile.lock\" \"${PODS_ROOT}/Manifest.lock\" > /dev/null\nif [ $? != 0 ] ; then\n    # print error to STDERR\n    echo \"error: The sandbox is not in sync with the Podfile.lock. Run 'pod install' or update your CocoaPods installation.\" >&2\n    exit 1\nfi\n# This output is used by Xcode 'outputs' to avoid re-running this script phase.\necho \"SUCCESS\" > \"${SCRIPT_OUTPUT_FILE_0}\"\n";
			showEnvVarsInLog = 0;
		};
		912DB207B89E23F82C63AC7D /* [CP] Embed Pods Frameworks */ = {
			isa = PBXShellScriptBuildPhase;
			buildActionMask = 2147483647;
			files = (
			);
			inputPaths = (
				"${SRCROOT}/Pods/Target Support Files/Pods-aPartime/Pods-aPartime-frameworks.sh",
				"${BUILT_PRODUCTS_DIR}/BoringSSL/openssl.framework",
				"${BUILT_PRODUCTS_DIR}/GTMSessionFetcher/GTMSessionFetcher.framework",
				"${BUILT_PRODUCTS_DIR}/GoogleToolboxForMac/GoogleToolboxForMac.framework",
				"${BUILT_PRODUCTS_DIR}/Protobuf/Protobuf.framework",
				"${BUILT_PRODUCTS_DIR}/gRPC/GRPCClient.framework",
				"${BUILT_PRODUCTS_DIR}/gRPC-Core/grpc.framework",
				"${BUILT_PRODUCTS_DIR}/gRPC-ProtoRPC/ProtoRPC.framework",
				"${BUILT_PRODUCTS_DIR}/gRPC-RxLibrary/RxLibrary.framework",
				"${BUILT_PRODUCTS_DIR}/leveldb-library/leveldb.framework",
				"${BUILT_PRODUCTS_DIR}/nanopb/nanopb.framework",
			);
			name = "[CP] Embed Pods Frameworks";
			outputPaths = (
				"${TARGET_BUILD_DIR}/${FRAMEWORKS_FOLDER_PATH}/openssl.framework",
				"${TARGET_BUILD_DIR}/${FRAMEWORKS_FOLDER_PATH}/GTMSessionFetcher.framework",
				"${TARGET_BUILD_DIR}/${FRAMEWORKS_FOLDER_PATH}/GoogleToolboxForMac.framework",
				"${TARGET_BUILD_DIR}/${FRAMEWORKS_FOLDER_PATH}/Protobuf.framework",
				"${TARGET_BUILD_DIR}/${FRAMEWORKS_FOLDER_PATH}/GRPCClient.framework",
				"${TARGET_BUILD_DIR}/${FRAMEWORKS_FOLDER_PATH}/grpc.framework",
				"${TARGET_BUILD_DIR}/${FRAMEWORKS_FOLDER_PATH}/ProtoRPC.framework",
				"${TARGET_BUILD_DIR}/${FRAMEWORKS_FOLDER_PATH}/RxLibrary.framework",
				"${TARGET_BUILD_DIR}/${FRAMEWORKS_FOLDER_PATH}/leveldb.framework",
				"${TARGET_BUILD_DIR}/${FRAMEWORKS_FOLDER_PATH}/nanopb.framework",
			);
			runOnlyForDeploymentPostprocessing = 0;
			shellPath = /bin/sh;
			shellScript = "\"${SRCROOT}/Pods/Target Support Files/Pods-aPartime/Pods-aPartime-frameworks.sh\"\n";
			showEnvVarsInLog = 0;
		};
		F498F8388ABE4CC579AC3A9B /* [CP] Copy Pods Resources */ = {
			isa = PBXShellScriptBuildPhase;
			buildActionMask = 2147483647;
			files = (
			);
			inputPaths = (
			);
			name = "[CP] Copy Pods Resources";
			outputPaths = (
			);
			runOnlyForDeploymentPostprocessing = 0;
			shellPath = /bin/sh;
			shellScript = "\"${SRCROOT}/Pods/Target Support Files/Pods-aPartime/Pods-aPartime-resources.sh\"\n";
			showEnvVarsInLog = 0;
		};
/* End PBXShellScriptBuildPhase section */

/* Begin PBXSourcesBuildPhase section */
		C591FDD71FD6C811007BE2D3 /* Sources */ = {
			isa = PBXSourcesBuildPhase;
			buildActionMask = 2147483647;
			files = (
				C58C90211FDAD89C007D0E6C /* DbManager.swift in Sources */,
				D91303C61FD6ED9F00F6F9E7 /* ProjectsScreenViewController.swift in Sources */,
				1F2DEE561FD9D97E00739406 /* FeaturesScreenConfigurator.swift in Sources */,
				C55AA21F1FE14BC80088C5FA /* TaskPresenter.swift in Sources */,
				C55AA22C1FE27F6E0088C5FA /* TaskTimer.swift in Sources */,
				C591FDE11FD6C811007BE2D3 /* ViewController.swift in Sources */,
				C5F184F71FD838F9002AA55E /* CreateProjectViewController.swift in Sources */,
				C57ED6371FE0313A00588171 /* TaskCell.swift in Sources */,
				C591FDDF1FD6C811007BE2D3 /* AppDelegate.swift in Sources */,
				C57ED6301FDFFEBA00588171 /* CreateItemInteractor.swift in Sources */,
				D91303C01FD6E7F200F6F9E7 /* LoginScreenPresenter.swift in Sources */,
				C55AA22A1FE16CB30088C5FA /* TaskFinishedViewController.swift in Sources */,
				1FC6860A1FDDDD0A00F42E3D /* Project.swift in Sources */,
				C57ED6281FDECD2D00588171 /* Feature.swift in Sources */,
				C57ED62E1FDFFA4400588171 /* CreateItemConfigurator.swift in Sources */,
				1F2DEE5C1FD9DAF700739406 /* FeaturesScreenRouter.swift in Sources */,
				C55AA22F1FE3B6800088C5FA /* Task.swift in Sources */,
				D91303CA1FD6EDF100F6F9E7 /* LoginScreenRouter.swift in Sources */,
				1F2DEE591FD9D9C200739406 /* FeaturesScreenPresenter.swift in Sources */,
				D91303BE1FD6E74800F6F9E7 /* LoginScreenViewController.swift in Sources */,
				1F2DEE531FD9D93C00739406 /* FeaturesScreenViewController.swift in Sources */,
				D91303C81FD6EDBB00F6F9E7 /* ProjectsScreenPresenter.swift in Sources */,
				C57ED6351FE0237E00588171 /* TasksViewController.swift in Sources */,
				1F2DEE511FD9D80100739406 /* FeatureCell.swift in Sources */,
				C55AA2221FE14BEA0088C5FA /* TaskInteractor.swift in Sources */,
				C55AA2281FE14C2A0088C5FA /* TaskConfigurator.swift in Sources */,
				C5F184E91FD829F5002AA55E /* ProjectCell.swift in Sources */,
				C591FE021FD6D0D6007BE2D3 /* AppDependencies.swift in Sources */,
				C57ED62A1FDFFA0500588171 /* CreateItemPresenter.swift in Sources */,
				1F2DEE5F1FD9DC0400739406 /* FeaturesScreenInteractor.swift in Sources */,
				D95BE3761FD7E2FC005BA9A0 /* ProjectsScreenConfigurator.swift in Sources */,
				C57ED62C1FDFFA2700588171 /* CreateItemRouter.swift in Sources */,
				C5F184EC1FD8319B002AA55E /* ProjectsScreenInteractor.swift in Sources */,
				D95BE3791FD7E46B005BA9A0 /* ProjectsScreenRouter.swift in Sources */,
				D91303CD1FD6FA8300F6F9E7 /* LoginScreenConfigurator.swift in Sources */,
				C55AA2251FE14C0B0088C5FA /* TaskRouter.swift in Sources */,
			);
			runOnlyForDeploymentPostprocessing = 0;
		};
/* End PBXSourcesBuildPhase section */

/* Begin PBXVariantGroup section */
		C591FDE21FD6C811007BE2D3 /* Main.storyboard */ = {
			isa = PBXVariantGroup;
			children = (
				C591FDE31FD6C811007BE2D3 /* Base */,
			);
			name = Main.storyboard;
			sourceTree = "<group>";
		};
		C591FDE71FD6C811007BE2D3 /* LaunchScreen.storyboard */ = {
			isa = PBXVariantGroup;
			children = (
				C591FDE81FD6C811007BE2D3 /* Base */,
			);
			name = LaunchScreen.storyboard;
			sourceTree = "<group>";
		};
/* End PBXVariantGroup section */

/* Begin XCBuildConfiguration section */
		C591FDEB1FD6C811007BE2D3 /* Debug */ = {
			isa = XCBuildConfiguration;
			buildSettings = {
				ALWAYS_SEARCH_USER_PATHS = NO;
				CLANG_ANALYZER_NONNULL = YES;
				CLANG_ANALYZER_NUMBER_OBJECT_CONVERSION = YES_AGGRESSIVE;
				CLANG_CXX_LANGUAGE_STANDARD = "gnu++14";
				CLANG_CXX_LIBRARY = "libc++";
				CLANG_ENABLE_MODULES = YES;
				CLANG_ENABLE_OBJC_ARC = YES;
				CLANG_WARN_BLOCK_CAPTURE_AUTORELEASING = YES;
				CLANG_WARN_BOOL_CONVERSION = YES;
				CLANG_WARN_COMMA = YES;
				CLANG_WARN_CONSTANT_CONVERSION = YES;
				CLANG_WARN_DIRECT_OBJC_ISA_USAGE = YES_ERROR;
				CLANG_WARN_DOCUMENTATION_COMMENTS = YES;
				CLANG_WARN_EMPTY_BODY = YES;
				CLANG_WARN_ENUM_CONVERSION = YES;
				CLANG_WARN_INFINITE_RECURSION = YES;
				CLANG_WARN_INT_CONVERSION = YES;
				CLANG_WARN_NON_LITERAL_NULL_CONVERSION = YES;
				CLANG_WARN_OBJC_LITERAL_CONVERSION = YES;
				CLANG_WARN_OBJC_ROOT_CLASS = YES_ERROR;
				CLANG_WARN_RANGE_LOOP_ANALYSIS = YES;
				CLANG_WARN_STRICT_PROTOTYPES = YES;
				CLANG_WARN_SUSPICIOUS_MOVE = YES;
				CLANG_WARN_UNGUARDED_AVAILABILITY = YES_AGGRESSIVE;
				CLANG_WARN_UNREACHABLE_CODE = YES;
				CLANG_WARN__DUPLICATE_METHOD_MATCH = YES;
				CODE_SIGN_IDENTITY = "iPhone Developer";
				COPY_PHASE_STRIP = NO;
				DEBUG_INFORMATION_FORMAT = dwarf;
				ENABLE_STRICT_OBJC_MSGSEND = YES;
				ENABLE_TESTABILITY = YES;
				GCC_C_LANGUAGE_STANDARD = gnu11;
				GCC_DYNAMIC_NO_PIC = NO;
				GCC_NO_COMMON_BLOCKS = YES;
				GCC_OPTIMIZATION_LEVEL = 0;
				GCC_PREPROCESSOR_DEFINITIONS = (
					"DEBUG=1",
					"$(inherited)",
				);
				GCC_WARN_64_TO_32_BIT_CONVERSION = YES;
				GCC_WARN_ABOUT_RETURN_TYPE = YES_ERROR;
				GCC_WARN_UNDECLARED_SELECTOR = YES;
				GCC_WARN_UNINITIALIZED_AUTOS = YES_AGGRESSIVE;
				GCC_WARN_UNUSED_FUNCTION = YES;
				GCC_WARN_UNUSED_VARIABLE = YES;
				IPHONEOS_DEPLOYMENT_TARGET = 11.1;
				MTL_ENABLE_DEBUG_INFO = YES;
				ONLY_ACTIVE_ARCH = YES;
				SDKROOT = iphoneos;
				SWIFT_ACTIVE_COMPILATION_CONDITIONS = DEBUG;
				SWIFT_OPTIMIZATION_LEVEL = "-Onone";
			};
			name = Debug;
		};
		C591FDEC1FD6C811007BE2D3 /* Release */ = {
			isa = XCBuildConfiguration;
			buildSettings = {
				ALWAYS_SEARCH_USER_PATHS = NO;
				CLANG_ANALYZER_NONNULL = YES;
				CLANG_ANALYZER_NUMBER_OBJECT_CONVERSION = YES_AGGRESSIVE;
				CLANG_CXX_LANGUAGE_STANDARD = "gnu++14";
				CLANG_CXX_LIBRARY = "libc++";
				CLANG_ENABLE_MODULES = YES;
				CLANG_ENABLE_OBJC_ARC = YES;
				CLANG_WARN_BLOCK_CAPTURE_AUTORELEASING = YES;
				CLANG_WARN_BOOL_CONVERSION = YES;
				CLANG_WARN_COMMA = YES;
				CLANG_WARN_CONSTANT_CONVERSION = YES;
				CLANG_WARN_DIRECT_OBJC_ISA_USAGE = YES_ERROR;
				CLANG_WARN_DOCUMENTATION_COMMENTS = YES;
				CLANG_WARN_EMPTY_BODY = YES;
				CLANG_WARN_ENUM_CONVERSION = YES;
				CLANG_WARN_INFINITE_RECURSION = YES;
				CLANG_WARN_INT_CONVERSION = YES;
				CLANG_WARN_NON_LITERAL_NULL_CONVERSION = YES;
				CLANG_WARN_OBJC_LITERAL_CONVERSION = YES;
				CLANG_WARN_OBJC_ROOT_CLASS = YES_ERROR;
				CLANG_WARN_RANGE_LOOP_ANALYSIS = YES;
				CLANG_WARN_STRICT_PROTOTYPES = YES;
				CLANG_WARN_SUSPICIOUS_MOVE = YES;
				CLANG_WARN_UNGUARDED_AVAILABILITY = YES_AGGRESSIVE;
				CLANG_WARN_UNREACHABLE_CODE = YES;
				CLANG_WARN__DUPLICATE_METHOD_MATCH = YES;
				CODE_SIGN_IDENTITY = "iPhone Developer";
				COPY_PHASE_STRIP = NO;
				DEBUG_INFORMATION_FORMAT = "dwarf-with-dsym";
				ENABLE_NS_ASSERTIONS = NO;
				ENABLE_STRICT_OBJC_MSGSEND = YES;
				GCC_C_LANGUAGE_STANDARD = gnu11;
				GCC_NO_COMMON_BLOCKS = YES;
				GCC_WARN_64_TO_32_BIT_CONVERSION = YES;
				GCC_WARN_ABOUT_RETURN_TYPE = YES_ERROR;
				GCC_WARN_UNDECLARED_SELECTOR = YES;
				GCC_WARN_UNINITIALIZED_AUTOS = YES_AGGRESSIVE;
				GCC_WARN_UNUSED_FUNCTION = YES;
				GCC_WARN_UNUSED_VARIABLE = YES;
				IPHONEOS_DEPLOYMENT_TARGET = 11.1;
				MTL_ENABLE_DEBUG_INFO = NO;
				SDKROOT = iphoneos;
				SWIFT_OPTIMIZATION_LEVEL = "-Owholemodule";
				VALIDATE_PRODUCT = YES;
			};
			name = Release;
		};
		C591FDEE1FD6C811007BE2D3 /* Debug */ = {
			isa = XCBuildConfiguration;
			baseConfigurationReference = F460FA9BC4160BD6AB1A4269 /* Pods-aPartime.debug.xcconfig */;
			buildSettings = {
				ASSETCATALOG_COMPILER_APPICON_NAME = AppIcon;
				CODE_SIGN_STYLE = Automatic;
				DEVELOPMENT_TEAM = 7XSVATSQ6N;
				INFOPLIST_FILE = aPartime/Info.plist;
				LD_RUNPATH_SEARCH_PATHS = "$(inherited) @executable_path/Frameworks";
				PRODUCT_BUNDLE_IDENTIFIER = team.kinect.pro.aPartime;
				PRODUCT_NAME = "$(TARGET_NAME)";
				SWIFT_VERSION = 4.0;
				TARGETED_DEVICE_FAMILY = "1,2";
			};
			name = Debug;
		};
		C591FDEF1FD6C811007BE2D3 /* Release */ = {
			isa = XCBuildConfiguration;
			baseConfigurationReference = DD470F8E1502B8054162C024 /* Pods-aPartime.release.xcconfig */;
			buildSettings = {
				ASSETCATALOG_COMPILER_APPICON_NAME = AppIcon;
				CODE_SIGN_STYLE = Automatic;
				DEVELOPMENT_TEAM = 7XSVATSQ6N;
				INFOPLIST_FILE = aPartime/Info.plist;
				LD_RUNPATH_SEARCH_PATHS = "$(inherited) @executable_path/Frameworks";
				PRODUCT_BUNDLE_IDENTIFIER = team.kinect.pro.aPartime;
				PRODUCT_NAME = "$(TARGET_NAME)";
				SWIFT_VERSION = 4.0;
				TARGETED_DEVICE_FAMILY = "1,2";
			};
			name = Release;
		};
/* End XCBuildConfiguration section */

/* Begin XCConfigurationList section */
		C591FDD61FD6C811007BE2D3 /* Build configuration list for PBXProject "aPartime" */ = {
			isa = XCConfigurationList;
			buildConfigurations = (
				C591FDEB1FD6C811007BE2D3 /* Debug */,
				C591FDEC1FD6C811007BE2D3 /* Release */,
			);
			defaultConfigurationIsVisible = 0;
			defaultConfigurationName = Release;
		};
		C591FDED1FD6C811007BE2D3 /* Build configuration list for PBXNativeTarget "aPartime" */ = {
			isa = XCConfigurationList;
			buildConfigurations = (
				C591FDEE1FD6C811007BE2D3 /* Debug */,
				C591FDEF1FD6C811007BE2D3 /* Release */,
			);
			defaultConfigurationIsVisible = 0;
			defaultConfigurationName = Release;
		};
/* End XCConfigurationList section */
	};
	rootObject = C591FDD31FD6C811007BE2D3 /* Project object */;
}
