// !$*UTF8*$!
{
	archiveVersion = 1;
	classes = {
	};
	objectVersion = 48;
	objects = {

/* Begin PBXBuildFile section */
		C591FDDF1FD6C811007BE2D3 /* AppDelegate.swift in Sources */ = {isa = PBXBuildFile; fileRef = C591FDDE1FD6C811007BE2D3 /* AppDelegate.swift */; };
		C591FDE11FD6C811007BE2D3 /* ViewController.swift in Sources */ = {isa = PBXBuildFile; fileRef = C591FDE01FD6C811007BE2D3 /* ViewController.swift */; };
		C591FDE41FD6C811007BE2D3 /* Main.storyboard in Resources */ = {isa = PBXBuildFile; fileRef = C591FDE21FD6C811007BE2D3 /* Main.storyboard */; };
		C591FDE61FD6C811007BE2D3 /* Assets.xcassets in Resources */ = {isa = PBXBuildFile; fileRef = C591FDE51FD6C811007BE2D3 /* Assets.xcassets */; };
		C591FDE91FD6C811007BE2D3 /* LaunchScreen.storyboard in Resources */ = {isa = PBXBuildFile; fileRef = C591FDE71FD6C811007BE2D3 /* LaunchScreen.storyboard */; };
		C591FDFA1FD6CB0B007BE2D3 /* LoginScreen.storyboard in Resources */ = {isa = PBXBuildFile; fileRef = C591FDF91FD6CB0B007BE2D3 /* LoginScreen.storyboard */; };
		C591FE021FD6D0D6007BE2D3 /* AppDependencies.swift in Sources */ = {isa = PBXBuildFile; fileRef = C591FE011FD6D0D6007BE2D3 /* AppDependencies.swift */; };
		D90729B61FE7BF0A00444124 /* Item.swift in Sources */ = {isa = PBXBuildFile; fileRef = D90729B51FE7BF0A00444124 /* Item.swift */; };
		D91303BE1FD6E74800F6F9E7 /* LoginScreenViewController.swift in Sources */ = {isa = PBXBuildFile; fileRef = D91303BD1FD6E74800F6F9E7 /* LoginScreenViewController.swift */; };
		D91303C01FD6E7F200F6F9E7 /* LoginScreenPresenter.swift in Sources */ = {isa = PBXBuildFile; fileRef = D91303BF1FD6E7F200F6F9E7 /* LoginScreenPresenter.swift */; };
		D91303CD1FD6FA8300F6F9E7 /* LoginScreenConfigurator.swift in Sources */ = {isa = PBXBuildFile; fileRef = D91303CC1FD6FA8300F6F9E7 /* LoginScreenConfigurator.swift */; };
		D95BE37D1FD7F668005BA9A0 /* GoogleService-Info.plist in Resources */ = {isa = PBXBuildFile; fileRef = D95BE37C1FD7F668005BA9A0 /* GoogleService-Info.plist */; };
		D95BE3821FD838CA005BA9A0 /* LoginScreenInteractor.swift in Sources */ = {isa = PBXBuildFile; fileRef = D95BE3811FD838CA005BA9A0 /* LoginScreenInteractor.swift */; };
		D966F7051FE8124D00FA3294 /* TaskTimer.swift in Sources */ = {isa = PBXBuildFile; fileRef = D966F7041FE8124D00FA3294 /* TaskTimer.swift */; };
		D969FC5B1FE14A4300FA3353 /* DBManager.swift in Sources */ = {isa = PBXBuildFile; fileRef = D969FC5A1FE14A4200FA3353 /* DBManager.swift */; };
		D969FC741FE1512600FA3353 /* Project.swift in Sources */ = {isa = PBXBuildFile; fileRef = D969FC731FE1512600FA3353 /* Project.swift */; };
		D969FC761FE17EEA00FA3353 /* AlertManager.swift in Sources */ = {isa = PBXBuildFile; fileRef = D969FC751FE17EEA00FA3353 /* AlertManager.swift */; };
		D969FC831FE1857200FA3353 /* CreateEditScreenPresenter.swift in Sources */ = {isa = PBXBuildFile; fileRef = D969FC791FE1857200FA3353 /* CreateEditScreenPresenter.swift */; };
		D969FC841FE1857200FA3353 /* CreateEditScreenViewController.swift in Sources */ = {isa = PBXBuildFile; fileRef = D969FC7B1FE1857200FA3353 /* CreateEditScreenViewController.swift */; };
		D969FC851FE1857200FA3353 /* CreateEditScreen.storyboard in Resources */ = {isa = PBXBuildFile; fileRef = D969FC7C1FE1857200FA3353 /* CreateEditScreen.storyboard */; };
		D969FC861FE1857200FA3353 /* CreateEditScreenConfigurator.swift in Sources */ = {isa = PBXBuildFile; fileRef = D969FC7E1FE1857200FA3353 /* CreateEditScreenConfigurator.swift */; };
		D969FC871FE1857200FA3353 /* CreateEditScreenInteractor.swift in Sources */ = {isa = PBXBuildFile; fileRef = D969FC801FE1857200FA3353 /* CreateEditScreenInteractor.swift */; };
		D969FC881FE1857200FA3353 /* CreateEditScreenRouter.swift in Sources */ = {isa = PBXBuildFile; fileRef = D969FC821FE1857200FA3353 /* CreateEditScreenRouter.swift */; };
		D969FC8A1FE2767400FA3353 /* ProjectViewModel.swift in Sources */ = {isa = PBXBuildFile; fileRef = D969FC891FE2767400FA3353 /* ProjectViewModel.swift */; };
		D969FC8D1FE2844300FA3353 /* Feature.swift in Sources */ = {isa = PBXBuildFile; fileRef = D969FC8C1FE2844200FA3353 /* Feature.swift */; };
		D969FC8F1FE2879F00FA3353 /* FeatureViewModel.swift in Sources */ = {isa = PBXBuildFile; fileRef = D969FC8E1FE2879F00FA3353 /* FeatureViewModel.swift */; };
		D9E5C4D21FDAE02D00E28C06 /* LoginScreenRouter.swift in Sources */ = {isa = PBXBuildFile; fileRef = D9E5C4D11FDAE02D00E28C06 /* LoginScreenRouter.swift */; };
		D9E5C4E21FDAE24500E28C06 /* ProjectsScreenPresenter.swift in Sources */ = {isa = PBXBuildFile; fileRef = D9E5C4D61FDAE24500E28C06 /* ProjectsScreenPresenter.swift */; };
		D9E5C4E31FDAE24500E28C06 /* ProjectsScreen.storyboard in Resources */ = {isa = PBXBuildFile; fileRef = D9E5C4D81FDAE24500E28C06 /* ProjectsScreen.storyboard */; };
		D9E5C4E41FDAE24500E28C06 /* ProjectCell.swift in Sources */ = {isa = PBXBuildFile; fileRef = D9E5C4D91FDAE24500E28C06 /* ProjectCell.swift */; };
		D9E5C4E51FDAE24500E28C06 /* ProjectsScreenViewController.swift in Sources */ = {isa = PBXBuildFile; fileRef = D9E5C4DA1FDAE24500E28C06 /* ProjectsScreenViewController.swift */; };
		D9E5C4E61FDAE24500E28C06 /* ProjectsScreenConfigurator.swift in Sources */ = {isa = PBXBuildFile; fileRef = D9E5C4DC1FDAE24500E28C06 /* ProjectsScreenConfigurator.swift */; };
		D9E5C4E71FDAE24500E28C06 /* ProjectsScreenInteractor.swift in Sources */ = {isa = PBXBuildFile; fileRef = D9E5C4DE1FDAE24500E28C06 /* ProjectsScreenInteractor.swift */; };
		D9E5C4E81FDAE24500E28C06 /* ProjectsScreenRouter.swift in Sources */ = {isa = PBXBuildFile; fileRef = D9E5C4E01FDAE24500E28C06 /* ProjectsScreenRouter.swift */; };
		D9E5C5261FDAE70400E28C06 /* FeaturesScreenPresenter.swift in Sources */ = {isa = PBXBuildFile; fileRef = D9E5C51B1FDAE70400E28C06 /* FeaturesScreenPresenter.swift */; };
		D9E5C5271FDAE70400E28C06 /* FeaturesScreen.storyboard in Resources */ = {isa = PBXBuildFile; fileRef = D9E5C51D1FDAE70400E28C06 /* FeaturesScreen.storyboard */; };
		D9E5C5281FDAE70400E28C06 /* FeatureCell.swift in Sources */ = {isa = PBXBuildFile; fileRef = D9E5C51E1FDAE70400E28C06 /* FeatureCell.swift */; };
		D9E5C5291FDAE70400E28C06 /* FeaturesScreenViewController.swift in Sources */ = {isa = PBXBuildFile; fileRef = D9E5C51F1FDAE70400E28C06 /* FeaturesScreenViewController.swift */; };
		D9E5C52A1FDAE70400E28C06 /* FeaturesScreenConfigurator.swift in Sources */ = {isa = PBXBuildFile; fileRef = D9E5C5211FDAE70400E28C06 /* FeaturesScreenConfigurator.swift */; };
		D9E5C52B1FDAE70400E28C06 /* FeaturesScreenInteractor.swift in Sources */ = {isa = PBXBuildFile; fileRef = D9E5C5231FDAE70400E28C06 /* FeaturesScreenInteractor.swift */; };
		D9E5C52C1FDAE70400E28C06 /* FeaturesScreenRouter.swift in Sources */ = {isa = PBXBuildFile; fileRef = D9E5C5251FDAE70400E28C06 /* FeaturesScreenRouter.swift */; };
		D9FBF8E71FE2D2F8002F23D6 /* Task.swift in Sources */ = {isa = PBXBuildFile; fileRef = D9FBF8D91FE2D2F8002F23D6 /* Task.swift */; };
		D9FBF8E81FE2D2F8002F23D6 /* TaskViewModel.swift in Sources */ = {isa = PBXBuildFile; fileRef = D9FBF8DA1FE2D2F8002F23D6 /* TaskViewModel.swift */; };
		D9FBF8E91FE2D2F8002F23D6 /* TasksScreenPresenter.swift in Sources */ = {isa = PBXBuildFile; fileRef = D9FBF8DC1FE2D2F8002F23D6 /* TasksScreenPresenter.swift */; };
		D9FBF8EA1FE2D2F8002F23D6 /* TasksScreen.storyboard in Resources */ = {isa = PBXBuildFile; fileRef = D9FBF8DE1FE2D2F8002F23D6 /* TasksScreen.storyboard */; };
		D9FBF8EB1FE2D2F8002F23D6 /* TaskCell.swift in Sources */ = {isa = PBXBuildFile; fileRef = D9FBF8DF1FE2D2F8002F23D6 /* TaskCell.swift */; };
		D9FBF8EC1FE2D2F8002F23D6 /* TasksScreenViewController.swift in Sources */ = {isa = PBXBuildFile; fileRef = D9FBF8E01FE2D2F8002F23D6 /* TasksScreenViewController.swift */; };
		D9FBF8ED1FE2D2F8002F23D6 /* TasksScreenConfigurator.swift in Sources */ = {isa = PBXBuildFile; fileRef = D9FBF8E21FE2D2F8002F23D6 /* TasksScreenConfigurator.swift */; };
		D9FBF8EE1FE2D2F8002F23D6 /* TasksScreenInteractor.swift in Sources */ = {isa = PBXBuildFile; fileRef = D9FBF8E41FE2D2F8002F23D6 /* TasksScreenInteractor.swift */; };
		D9FBF8EF1FE2D2F8002F23D6 /* TasksScreenRouter.swift in Sources */ = {isa = PBXBuildFile; fileRef = D9FBF8E61FE2D2F8002F23D6 /* TasksScreenRouter.swift */; };
		D9FBF8F21FE41AD5002F23D6 /* User.swift in Sources */ = {isa = PBXBuildFile; fileRef = D9FBF8F11FE41AD5002F23D6 /* User.swift */; };
		DC0D1F4C7DB8D9CD88038393 /* Pods_aPartime.framework in Frameworks */ = {isa = PBXBuildFile; fileRef = A07C918B93D3BCD51E410A83 /* Pods_aPartime.framework */; };
/* End PBXBuildFile section */

/* Begin PBXFileReference section */
		A07C918B93D3BCD51E410A83 /* Pods_aPartime.framework */ = {isa = PBXFileReference; explicitFileType = wrapper.framework; includeInIndex = 0; path = Pods_aPartime.framework; sourceTree = BUILT_PRODUCTS_DIR; };
		C591FDDB1FD6C811007BE2D3 /* aPartime.app */ = {isa = PBXFileReference; explicitFileType = wrapper.application; includeInIndex = 0; path = aPartime.app; sourceTree = BUILT_PRODUCTS_DIR; };
		C591FDDE1FD6C811007BE2D3 /* AppDelegate.swift */ = {isa = PBXFileReference; lastKnownFileType = sourcecode.swift; path = AppDelegate.swift; sourceTree = "<group>"; };
		C591FDE01FD6C811007BE2D3 /* ViewController.swift */ = {isa = PBXFileReference; lastKnownFileType = sourcecode.swift; path = ViewController.swift; sourceTree = "<group>"; };
		C591FDE31FD6C811007BE2D3 /* Base */ = {isa = PBXFileReference; lastKnownFileType = file.storyboard; name = Base; path = Base.lproj/Main.storyboard; sourceTree = "<group>"; };
		C591FDE51FD6C811007BE2D3 /* Assets.xcassets */ = {isa = PBXFileReference; lastKnownFileType = folder.assetcatalog; path = Assets.xcassets; sourceTree = "<group>"; };
		C591FDE81FD6C811007BE2D3 /* Base */ = {isa = PBXFileReference; lastKnownFileType = file.storyboard; name = Base; path = Base.lproj/LaunchScreen.storyboard; sourceTree = "<group>"; };
		C591FDEA1FD6C811007BE2D3 /* Info.plist */ = {isa = PBXFileReference; lastKnownFileType = text.plist.xml; path = Info.plist; sourceTree = "<group>"; };
		C591FDF91FD6CB0B007BE2D3 /* LoginScreen.storyboard */ = {isa = PBXFileReference; lastKnownFileType = file.storyboard; path = LoginScreen.storyboard; sourceTree = "<group>"; };
		C591FE011FD6D0D6007BE2D3 /* AppDependencies.swift */ = {isa = PBXFileReference; lastKnownFileType = sourcecode.swift; path = AppDependencies.swift; sourceTree = "<group>"; };
		D90729B51FE7BF0A00444124 /* Item.swift */ = {isa = PBXFileReference; lastKnownFileType = sourcecode.swift; path = Item.swift; sourceTree = "<group>"; };
		D91303BD1FD6E74800F6F9E7 /* LoginScreenViewController.swift */ = {isa = PBXFileReference; lastKnownFileType = sourcecode.swift; path = LoginScreenViewController.swift; sourceTree = "<group>"; };
		D91303BF1FD6E7F200F6F9E7 /* LoginScreenPresenter.swift */ = {isa = PBXFileReference; lastKnownFileType = sourcecode.swift; path = LoginScreenPresenter.swift; sourceTree = "<group>"; };
		D91303CC1FD6FA8300F6F9E7 /* LoginScreenConfigurator.swift */ = {isa = PBXFileReference; lastKnownFileType = sourcecode.swift; path = LoginScreenConfigurator.swift; sourceTree = "<group>"; };
		D95BE37C1FD7F668005BA9A0 /* GoogleService-Info.plist */ = {isa = PBXFileReference; fileEncoding = 4; lastKnownFileType = text.plist.xml; path = "GoogleService-Info.plist"; sourceTree = "<group>"; };
		D95BE3811FD838CA005BA9A0 /* LoginScreenInteractor.swift */ = {isa = PBXFileReference; fileEncoding = 4; lastKnownFileType = sourcecode.swift; path = LoginScreenInteractor.swift; sourceTree = "<group>"; };
		D966F7041FE8124D00FA3294 /* TaskTimer.swift */ = {isa = PBXFileReference; lastKnownFileType = sourcecode.swift; path = TaskTimer.swift; sourceTree = "<group>"; };
		D969FC5A1FE14A4200FA3353 /* DBManager.swift */ = {isa = PBXFileReference; fileEncoding = 4; lastKnownFileType = sourcecode.swift; path = DBManager.swift; sourceTree = "<group>"; };
		D969FC5D1FE14D4C00FA3353 /* aPartime.entitlements */ = {isa = PBXFileReference; fileEncoding = 4; lastKnownFileType = text.plist.entitlements; path = aPartime.entitlements; sourceTree = "<group>"; };
		D969FC731FE1512600FA3353 /* Project.swift */ = {isa = PBXFileReference; fileEncoding = 4; lastKnownFileType = sourcecode.swift; path = Project.swift; sourceTree = "<group>"; };
		D969FC751FE17EEA00FA3353 /* AlertManager.swift */ = {isa = PBXFileReference; lastKnownFileType = sourcecode.swift; path = AlertManager.swift; sourceTree = "<group>"; };
		D969FC791FE1857200FA3353 /* CreateEditScreenPresenter.swift */ = {isa = PBXFileReference; fileEncoding = 4; lastKnownFileType = sourcecode.swift; path = CreateEditScreenPresenter.swift; sourceTree = "<group>"; };
		D969FC7B1FE1857200FA3353 /* CreateEditScreenViewController.swift */ = {isa = PBXFileReference; fileEncoding = 4; lastKnownFileType = sourcecode.swift; path = CreateEditScreenViewController.swift; sourceTree = "<group>"; };
		D969FC7C1FE1857200FA3353 /* CreateEditScreen.storyboard */ = {isa = PBXFileReference; fileEncoding = 4; lastKnownFileType = file.storyboard; path = CreateEditScreen.storyboard; sourceTree = "<group>"; };
		D969FC7E1FE1857200FA3353 /* CreateEditScreenConfigurator.swift */ = {isa = PBXFileReference; fileEncoding = 4; lastKnownFileType = sourcecode.swift; path = CreateEditScreenConfigurator.swift; sourceTree = "<group>"; };
		D969FC801FE1857200FA3353 /* CreateEditScreenInteractor.swift */ = {isa = PBXFileReference; fileEncoding = 4; lastKnownFileType = sourcecode.swift; path = CreateEditScreenInteractor.swift; sourceTree = "<group>"; };
		D969FC821FE1857200FA3353 /* CreateEditScreenRouter.swift */ = {isa = PBXFileReference; fileEncoding = 4; lastKnownFileType = sourcecode.swift; path = CreateEditScreenRouter.swift; sourceTree = "<group>"; };
		D969FC891FE2767400FA3353 /* ProjectViewModel.swift */ = {isa = PBXFileReference; lastKnownFileType = sourcecode.swift; path = ProjectViewModel.swift; sourceTree = "<group>"; };
		D969FC8C1FE2844200FA3353 /* Feature.swift */ = {isa = PBXFileReference; fileEncoding = 4; lastKnownFileType = sourcecode.swift; path = Feature.swift; sourceTree = "<group>"; };
		D969FC8E1FE2879F00FA3353 /* FeatureViewModel.swift */ = {isa = PBXFileReference; lastKnownFileType = sourcecode.swift; path = FeatureViewModel.swift; sourceTree = "<group>"; };
		D9E5C4D11FDAE02D00E28C06 /* LoginScreenRouter.swift */ = {isa = PBXFileReference; fileEncoding = 4; lastKnownFileType = sourcecode.swift; path = LoginScreenRouter.swift; sourceTree = "<group>"; };
		D9E5C4D61FDAE24500E28C06 /* ProjectsScreenPresenter.swift */ = {isa = PBXFileReference; fileEncoding = 4; lastKnownFileType = sourcecode.swift; path = ProjectsScreenPresenter.swift; sourceTree = "<group>"; };
		D9E5C4D81FDAE24500E28C06 /* ProjectsScreen.storyboard */ = {isa = PBXFileReference; fileEncoding = 4; lastKnownFileType = file.storyboard; path = ProjectsScreen.storyboard; sourceTree = "<group>"; };
		D9E5C4D91FDAE24500E28C06 /* ProjectCell.swift */ = {isa = PBXFileReference; fileEncoding = 4; lastKnownFileType = sourcecode.swift; path = ProjectCell.swift; sourceTree = "<group>"; };
		D9E5C4DA1FDAE24500E28C06 /* ProjectsScreenViewController.swift */ = {isa = PBXFileReference; fileEncoding = 4; lastKnownFileType = sourcecode.swift; path = ProjectsScreenViewController.swift; sourceTree = "<group>"; };
		D9E5C4DC1FDAE24500E28C06 /* ProjectsScreenConfigurator.swift */ = {isa = PBXFileReference; fileEncoding = 4; lastKnownFileType = sourcecode.swift; path = ProjectsScreenConfigurator.swift; sourceTree = "<group>"; };
		D9E5C4DE1FDAE24500E28C06 /* ProjectsScreenInteractor.swift */ = {isa = PBXFileReference; fileEncoding = 4; lastKnownFileType = sourcecode.swift; path = ProjectsScreenInteractor.swift; sourceTree = "<group>"; };
		D9E5C4E01FDAE24500E28C06 /* ProjectsScreenRouter.swift */ = {isa = PBXFileReference; fileEncoding = 4; lastKnownFileType = sourcecode.swift; path = ProjectsScreenRouter.swift; sourceTree = "<group>"; };
		D9E5C51B1FDAE70400E28C06 /* FeaturesScreenPresenter.swift */ = {isa = PBXFileReference; fileEncoding = 4; lastKnownFileType = sourcecode.swift; path = FeaturesScreenPresenter.swift; sourceTree = "<group>"; };
		D9E5C51D1FDAE70400E28C06 /* FeaturesScreen.storyboard */ = {isa = PBXFileReference; fileEncoding = 4; lastKnownFileType = file.storyboard; path = FeaturesScreen.storyboard; sourceTree = "<group>"; };
		D9E5C51E1FDAE70400E28C06 /* FeatureCell.swift */ = {isa = PBXFileReference; fileEncoding = 4; lastKnownFileType = sourcecode.swift; path = FeatureCell.swift; sourceTree = "<group>"; };
		D9E5C51F1FDAE70400E28C06 /* FeaturesScreenViewController.swift */ = {isa = PBXFileReference; fileEncoding = 4; lastKnownFileType = sourcecode.swift; path = FeaturesScreenViewController.swift; sourceTree = "<group>"; };
		D9E5C5211FDAE70400E28C06 /* FeaturesScreenConfigurator.swift */ = {isa = PBXFileReference; fileEncoding = 4; lastKnownFileType = sourcecode.swift; path = FeaturesScreenConfigurator.swift; sourceTree = "<group>"; };
		D9E5C5231FDAE70400E28C06 /* FeaturesScreenInteractor.swift */ = {isa = PBXFileReference; fileEncoding = 4; lastKnownFileType = sourcecode.swift; path = FeaturesScreenInteractor.swift; sourceTree = "<group>"; };
		D9E5C5251FDAE70400E28C06 /* FeaturesScreenRouter.swift */ = {isa = PBXFileReference; fileEncoding = 4; lastKnownFileType = sourcecode.swift; path = FeaturesScreenRouter.swift; sourceTree = "<group>"; };
		D9FBF8D91FE2D2F8002F23D6 /* Task.swift */ = {isa = PBXFileReference; fileEncoding = 4; lastKnownFileType = sourcecode.swift; path = Task.swift; sourceTree = "<group>"; };
		D9FBF8DA1FE2D2F8002F23D6 /* TaskViewModel.swift */ = {isa = PBXFileReference; fileEncoding = 4; lastKnownFileType = sourcecode.swift; path = TaskViewModel.swift; sourceTree = "<group>"; };
		D9FBF8DC1FE2D2F8002F23D6 /* TasksScreenPresenter.swift */ = {isa = PBXFileReference; fileEncoding = 4; lastKnownFileType = sourcecode.swift; path = TasksScreenPresenter.swift; sourceTree = "<group>"; };
		D9FBF8DE1FE2D2F8002F23D6 /* TasksScreen.storyboard */ = {isa = PBXFileReference; fileEncoding = 4; lastKnownFileType = file.storyboard; path = TasksScreen.storyboard; sourceTree = "<group>"; };
		D9FBF8DF1FE2D2F8002F23D6 /* TaskCell.swift */ = {isa = PBXFileReference; fileEncoding = 4; lastKnownFileType = sourcecode.swift; path = TaskCell.swift; sourceTree = "<group>"; };
		D9FBF8E01FE2D2F8002F23D6 /* TasksScreenViewController.swift */ = {isa = PBXFileReference; fileEncoding = 4; lastKnownFileType = sourcecode.swift; path = TasksScreenViewController.swift; sourceTree = "<group>"; };
		D9FBF8E21FE2D2F8002F23D6 /* TasksScreenConfigurator.swift */ = {isa = PBXFileReference; fileEncoding = 4; lastKnownFileType = sourcecode.swift; path = TasksScreenConfigurator.swift; sourceTree = "<group>"; };
		D9FBF8E41FE2D2F8002F23D6 /* TasksScreenInteractor.swift */ = {isa = PBXFileReference; fileEncoding = 4; lastKnownFileType = sourcecode.swift; path = TasksScreenInteractor.swift; sourceTree = "<group>"; };
		D9FBF8E61FE2D2F8002F23D6 /* TasksScreenRouter.swift */ = {isa = PBXFileReference; fileEncoding = 4; lastKnownFileType = sourcecode.swift; path = TasksScreenRouter.swift; sourceTree = "<group>"; };
		D9FBF8F11FE41AD5002F23D6 /* User.swift */ = {isa = PBXFileReference; lastKnownFileType = sourcecode.swift; path = User.swift; sourceTree = "<group>"; };
		DD470F8E1502B8054162C024 /* Pods-aPartime.release.xcconfig */ = {isa = PBXFileReference; includeInIndex = 1; lastKnownFileType = text.xcconfig; name = "Pods-aPartime.release.xcconfig"; path = "Pods/Target Support Files/Pods-aPartime/Pods-aPartime.release.xcconfig"; sourceTree = "<group>"; };
		F460FA9BC4160BD6AB1A4269 /* Pods-aPartime.debug.xcconfig */ = {isa = PBXFileReference; includeInIndex = 1; lastKnownFileType = text.xcconfig; name = "Pods-aPartime.debug.xcconfig"; path = "Pods/Target Support Files/Pods-aPartime/Pods-aPartime.debug.xcconfig"; sourceTree = "<group>"; };
/* End PBXFileReference section */

/* Begin PBXFrameworksBuildPhase section */
		C591FDD81FD6C811007BE2D3 /* Frameworks */ = {
			isa = PBXFrameworksBuildPhase;
			buildActionMask = 2147483647;
			files = (
				DC0D1F4C7DB8D9CD88038393 /* Pods_aPartime.framework in Frameworks */,
			);
			runOnlyForDeploymentPostprocessing = 0;
		};
/* End PBXFrameworksBuildPhase section */

/* Begin PBXGroup section */
		9498883B2E75E3793943E603 /* Pods */ = {
			isa = PBXGroup;
			children = (
				F460FA9BC4160BD6AB1A4269 /* Pods-aPartime.debug.xcconfig */,
				DD470F8E1502B8054162C024 /* Pods-aPartime.release.xcconfig */,
			);
			name = Pods;
			sourceTree = "<group>";
		};
		C591FDD21FD6C811007BE2D3 = {
			isa = PBXGroup;
			children = (
				C591FDDD1FD6C811007BE2D3 /* aPartime */,
				C591FDDC1FD6C811007BE2D3 /* Products */,
				9498883B2E75E3793943E603 /* Pods */,
				E42521EF777570630E9306EE /* Frameworks */,
			);
			sourceTree = "<group>";
		};
		C591FDDC1FD6C811007BE2D3 /* Products */ = {
			isa = PBXGroup;
			children = (
				C591FDDB1FD6C811007BE2D3 /* aPartime.app */,
			);
			name = Products;
			sourceTree = "<group>";
		};
		C591FDDD1FD6C811007BE2D3 /* aPartime */ = {
			isa = PBXGroup;
			children = (
				C591FDF01FD6CA5C007BE2D3 /* Modules */,
				C591FDDE1FD6C811007BE2D3 /* AppDelegate.swift */,
				D969FC751FE17EEA00FA3353 /* AlertManager.swift */,
				C591FE011FD6D0D6007BE2D3 /* AppDependencies.swift */,
				D969FC5A1FE14A4200FA3353 /* DBManager.swift */,
				C591FDE01FD6C811007BE2D3 /* ViewController.swift */,
				C591FDE21FD6C811007BE2D3 /* Main.storyboard */,
				C591FDE51FD6C811007BE2D3 /* Assets.xcassets */,
				C591FDE71FD6C811007BE2D3 /* LaunchScreen.storyboard */,
				C591FDEA1FD6C811007BE2D3 /* Info.plist */,
				D95BE37C1FD7F668005BA9A0 /* GoogleService-Info.plist */,
				D969FC5D1FE14D4C00FA3353 /* aPartime.entitlements */,
			);
			path = aPartime;
			sourceTree = "<group>";
		};
		C591FDF01FD6CA5C007BE2D3 /* Modules */ = {
			isa = PBXGroup;
			children = (
				C591FDF11FD6CA6F007BE2D3 /* LoginScreen */,
				D9E5C4D31FDAE24500E28C06 /* ProjectsScreen */,
				D9E5C5191FDAE70400E28C06 /* FeaturesScreen */,
				D9FBF8D71FE2D2F8002F23D6 /* TasksScreen */,
				D969FC771FE1857200FA3353 /* CreateEditScreen */,
			);
			path = Modules;
			sourceTree = "<group>";
		};
		C591FDF11FD6CA6F007BE2D3 /* LoginScreen */ = {
			isa = PBXGroup;
			children = (
				C591FDF51FD6CAAF007BE2D3 /* View */,
				C591FDF71FD6CAC1007BE2D3 /* Interactor */,
				C591FDF61FD6CAB8007BE2D3 /* Presenter */,
				D9FBF8F01FE41AB6002F23D6 /* Entity */,
				D9E5C4D01FDAE02D00E28C06 /* Router */,
				D91303CB1FD6FA6100F6F9E7 /* Configurator */,
			);
			path = LoginScreen;
			sourceTree = "<group>";
		};
		C591FDF51FD6CAAF007BE2D3 /* View */ = {
			isa = PBXGroup;
			children = (
				C591FDF91FD6CB0B007BE2D3 /* LoginScreen.storyboard */,
				D91303BD1FD6E74800F6F9E7 /* LoginScreenViewController.swift */,
			);
			path = View;
			sourceTree = "<group>";
		};
		C591FDF61FD6CAB8007BE2D3 /* Presenter */ = {
			isa = PBXGroup;
			children = (
				D91303BF1FD6E7F200F6F9E7 /* LoginScreenPresenter.swift */,
			);
			path = Presenter;
			sourceTree = "<group>";
		};
		C591FDF71FD6CAC1007BE2D3 /* Interactor */ = {
			isa = PBXGroup;
			children = (
				D95BE3811FD838CA005BA9A0 /* LoginScreenInteractor.swift */,
			);
			path = Interactor;
			sourceTree = "<group>";
		};
		D90729B41FE7BEF400444124 /* Entity */ = {
			isa = PBXGroup;
			children = (
				D90729B51FE7BF0A00444124 /* Item.swift */,
			);
			path = Entity;
			sourceTree = "<group>";
		};
		D91303CB1FD6FA6100F6F9E7 /* Configurator */ = {
			isa = PBXGroup;
			children = (
				D91303CC1FD6FA8300F6F9E7 /* LoginScreenConfigurator.swift */,
			);
			path = Configurator;
			sourceTree = "<group>";
		};
		D969FC721FE1512600FA3353 /* Entity */ = {
			isa = PBXGroup;
			children = (
				D969FC731FE1512600FA3353 /* Project.swift */,
				D969FC891FE2767400FA3353 /* ProjectViewModel.swift */,
			);
			name = Entity;
			path = aPartime/Modules/ProjectsScreen/Entity;
			sourceTree = SOURCE_ROOT;
		};
		D969FC771FE1857200FA3353 /* CreateEditScreen */ = {
			isa = PBXGroup;
			children = (
				D969FC7A1FE1857200FA3353 /* View */,
				D969FC7F1FE1857200FA3353 /* Interactor */,
				D969FC781FE1857200FA3353 /* Presenter */,
				D90729B41FE7BEF400444124 /* Entity */,
				D969FC7D1FE1857200FA3353 /* Configurator */,
				D969FC811FE1857200FA3353 /* Router */,
			);
			path = CreateEditScreen;
			sourceTree = "<group>";
		};
		D969FC781FE1857200FA3353 /* Presenter */ = {
			isa = PBXGroup;
			children = (
				D969FC791FE1857200FA3353 /* CreateEditScreenPresenter.swift */,
			);
			path = Presenter;
			sourceTree = "<group>";
		};
		D969FC7A1FE1857200FA3353 /* View */ = {
			isa = PBXGroup;
			children = (
				D969FC7B1FE1857200FA3353 /* CreateEditScreenViewController.swift */,
				D969FC7C1FE1857200FA3353 /* CreateEditScreen.storyboard */,
			);
			path = View;
			sourceTree = "<group>";
		};
		D969FC7D1FE1857200FA3353 /* Configurator */ = {
			isa = PBXGroup;
			children = (
				D969FC7E1FE1857200FA3353 /* CreateEditScreenConfigurator.swift */,
			);
			path = Configurator;
			sourceTree = "<group>";
		};
		D969FC7F1FE1857200FA3353 /* Interactor */ = {
			isa = PBXGroup;
			children = (
				D969FC801FE1857200FA3353 /* CreateEditScreenInteractor.swift */,
			);
			path = Interactor;
			sourceTree = "<group>";
		};
		D969FC811FE1857200FA3353 /* Router */ = {
			isa = PBXGroup;
			children = (
				D969FC821FE1857200FA3353 /* CreateEditScreenRouter.swift */,
			);
			path = Router;
			sourceTree = "<group>";
		};
		D969FC8B1FE2844200FA3353 /* Entity */ = {
			isa = PBXGroup;
			children = (
				D969FC8C1FE2844200FA3353 /* Feature.swift */,
				D969FC8E1FE2879F00FA3353 /* FeatureViewModel.swift */,
			);
			path = Entity;
			sourceTree = "<group>";
		};
		D9E5C4D01FDAE02D00E28C06 /* Router */ = {
			isa = PBXGroup;
			children = (
				D9E5C4D11FDAE02D00E28C06 /* LoginScreenRouter.swift */,
			);
			path = Router;
			sourceTree = "<group>";
		};
		D9E5C4D31FDAE24500E28C06 /* ProjectsScreen */ = {
			isa = PBXGroup;
			children = (
				D9E5C4D71FDAE24500E28C06 /* View */,
				D9E5C4DD1FDAE24500E28C06 /* Interactor */,
				D9E5C4D41FDAE24500E28C06 /* Presenter */,
				D969FC721FE1512600FA3353 /* Entity */,
				D9E5C4DF1FDAE24500E28C06 /* Router */,
				D9E5C4DB1FDAE24500E28C06 /* Configurator */,
			);
			path = ProjectsScreen;
			sourceTree = "<group>";
		};
		D9E5C4D41FDAE24500E28C06 /* Presenter */ = {
			isa = PBXGroup;
			children = (
				D9E5C4D61FDAE24500E28C06 /* ProjectsScreenPresenter.swift */,
			);
			path = Presenter;
			sourceTree = "<group>";
		};
		D9E5C4D71FDAE24500E28C06 /* View */ = {
			isa = PBXGroup;
			children = (
				D9E5C4D81FDAE24500E28C06 /* ProjectsScreen.storyboard */,
				D9E5C4D91FDAE24500E28C06 /* ProjectCell.swift */,
				D9E5C4DA1FDAE24500E28C06 /* ProjectsScreenViewController.swift */,
			);
			path = View;
			sourceTree = "<group>";
		};
		D9E5C4DB1FDAE24500E28C06 /* Configurator */ = {
			isa = PBXGroup;
			children = (
				D9E5C4DC1FDAE24500E28C06 /* ProjectsScreenConfigurator.swift */,
			);
			path = Configurator;
			sourceTree = "<group>";
		};
		D9E5C4DD1FDAE24500E28C06 /* Interactor */ = {
			isa = PBXGroup;
			children = (
				D9E5C4DE1FDAE24500E28C06 /* ProjectsScreenInteractor.swift */,
			);
			path = Interactor;
			sourceTree = "<group>";
		};
		D9E5C4DF1FDAE24500E28C06 /* Router */ = {
			isa = PBXGroup;
			children = (
				D9E5C4E01FDAE24500E28C06 /* ProjectsScreenRouter.swift */,
			);
			path = Router;
			sourceTree = "<group>";
		};
		D9E5C5191FDAE70400E28C06 /* FeaturesScreen */ = {
			isa = PBXGroup;
			children = (
				D9E5C51C1FDAE70400E28C06 /* View */,
				D9E5C5221FDAE70400E28C06 /* Interactor */,
				D9E5C51A1FDAE70400E28C06 /* Presenter */,
				D969FC8B1FE2844200FA3353 /* Entity */,
				D9E5C5241FDAE70400E28C06 /* Router */,
				D9E5C5201FDAE70400E28C06 /* Configurator */,
			);
			path = FeaturesScreen;
			sourceTree = "<group>";
		};
		D9E5C51A1FDAE70400E28C06 /* Presenter */ = {
			isa = PBXGroup;
			children = (
				D9E5C51B1FDAE70400E28C06 /* FeaturesScreenPresenter.swift */,
			);
			path = Presenter;
			sourceTree = "<group>";
		};
		D9E5C51C1FDAE70400E28C06 /* View */ = {
			isa = PBXGroup;
			children = (
				D9E5C51D1FDAE70400E28C06 /* FeaturesScreen.storyboard */,
				D9E5C51E1FDAE70400E28C06 /* FeatureCell.swift */,
				D9E5C51F1FDAE70400E28C06 /* FeaturesScreenViewController.swift */,
			);
			path = View;
			sourceTree = "<group>";
		};
		D9E5C5201FDAE70400E28C06 /* Configurator */ = {
			isa = PBXGroup;
			children = (
				D9E5C5211FDAE70400E28C06 /* FeaturesScreenConfigurator.swift */,
			);
			path = Configurator;
			sourceTree = "<group>";
		};
		D9E5C5221FDAE70400E28C06 /* Interactor */ = {
			isa = PBXGroup;
			children = (
				D9E5C5231FDAE70400E28C06 /* FeaturesScreenInteractor.swift */,
			);
			path = Interactor;
			sourceTree = "<group>";
		};
		D9E5C5241FDAE70400E28C06 /* Router */ = {
			isa = PBXGroup;
			children = (
				D9E5C5251FDAE70400E28C06 /* FeaturesScreenRouter.swift */,
			);
			path = Router;
			sourceTree = "<group>";
		};
		D9FBF8D71FE2D2F8002F23D6 /* TasksScreen */ = {
			isa = PBXGroup;
			children = (
				D9FBF8DD1FE2D2F8002F23D6 /* View */,
				D9FBF8E31FE2D2F8002F23D6 /* Interactor */,
				D9FBF8DB1FE2D2F8002F23D6 /* Presenter */,
				D9FBF8D81FE2D2F8002F23D6 /* Entity */,
				D9FBF8E51FE2D2F8002F23D6 /* Router */,
				D9FBF8E11FE2D2F8002F23D6 /* Configurator */,
			);
			path = TasksScreen;
			sourceTree = "<group>";
		};
		D9FBF8D81FE2D2F8002F23D6 /* Entity */ = {
			isa = PBXGroup;
			children = (
				D9FBF8D91FE2D2F8002F23D6 /* Task.swift */,
				D9FBF8DA1FE2D2F8002F23D6 /* TaskViewModel.swift */,
			);
			path = Entity;
			sourceTree = "<group>";
		};
		D9FBF8DB1FE2D2F8002F23D6 /* Presenter */ = {
			isa = PBXGroup;
			children = (
				D9FBF8DC1FE2D2F8002F23D6 /* TasksScreenPresenter.swift */,
			);
			path = Presenter;
			sourceTree = "<group>";
		};
		D9FBF8DD1FE2D2F8002F23D6 /* View */ = {
			isa = PBXGroup;
			children = (
				D9FBF8DE1FE2D2F8002F23D6 /* TasksScreen.storyboard */,
				D9FBF8DF1FE2D2F8002F23D6 /* TaskCell.swift */,
				D9FBF8E01FE2D2F8002F23D6 /* TasksScreenViewController.swift */,
			);
			path = View;
			sourceTree = "<group>";
		};
		D9FBF8E11FE2D2F8002F23D6 /* Configurator */ = {
			isa = PBXGroup;
			children = (
				D9FBF8E21FE2D2F8002F23D6 /* TasksScreenConfigurator.swift */,
			);
			path = Configurator;
			sourceTree = "<group>";
		};
		D9FBF8E31FE2D2F8002F23D6 /* Interactor */ = {
			isa = PBXGroup;
			children = (
				D9FBF8E41FE2D2F8002F23D6 /* TasksScreenInteractor.swift */,
				D966F7041FE8124D00FA3294 /* TaskTimer.swift */,
			);
			path = Interactor;
			sourceTree = "<group>";
		};
		D9FBF8E51FE2D2F8002F23D6 /* Router */ = {
			isa = PBXGroup;
			children = (
				D9FBF8E61FE2D2F8002F23D6 /* TasksScreenRouter.swift */,
			);
			path = Router;
			sourceTree = "<group>";
		};
		D9FBF8F01FE41AB6002F23D6 /* Entity */ = {
			isa = PBXGroup;
			children = (
				D9FBF8F11FE41AD5002F23D6 /* User.swift */,
			);
			path = Entity;
			sourceTree = "<group>";
		};
		E42521EF777570630E9306EE /* Frameworks */ = {
			isa = PBXGroup;
			children = (
				A07C918B93D3BCD51E410A83 /* Pods_aPartime.framework */,
			);
			name = Frameworks;
			sourceTree = "<group>";
		};
/* End PBXGroup section */

/* Begin PBXNativeTarget section */
		C591FDDA1FD6C811007BE2D3 /* aPartime */ = {
			isa = PBXNativeTarget;
			buildConfigurationList = C591FDED1FD6C811007BE2D3 /* Build configuration list for PBXNativeTarget "aPartime" */;
			buildPhases = (
				1F5B83989B4B6B011A6EA8FB /* [CP] Check Pods Manifest.lock */,
				C591FDD71FD6C811007BE2D3 /* Sources */,
				C591FDD81FD6C811007BE2D3 /* Frameworks */,
				C591FDD91FD6C811007BE2D3 /* Resources */,
				912DB207B89E23F82C63AC7D /* [CP] Embed Pods Frameworks */,
				F498F8388ABE4CC579AC3A9B /* [CP] Copy Pods Resources */,
			);
			buildRules = (
			);
			dependencies = (
			);
			name = aPartime;
			productName = aPartime;
			productReference = C591FDDB1FD6C811007BE2D3 /* aPartime.app */;
			productType = "com.apple.product-type.application";
		};
/* End PBXNativeTarget section */

/* Begin PBXProject section */
		C591FDD31FD6C811007BE2D3 /* Project object */ = {
			isa = PBXProject;
			attributes = {
				LastSwiftUpdateCheck = 0910;
				LastUpgradeCheck = 0910;
				ORGANIZATIONNAME = kinectpro;
				TargetAttributes = {
					C591FDDA1FD6C811007BE2D3 = {
						CreatedOnToolsVersion = 9.1;
						ProvisioningStyle = Automatic;
						SystemCapabilities = {
							com.apple.Keychain = {
								enabled = 1;
							};
						};
					};
				};
			};
			buildConfigurationList = C591FDD61FD6C811007BE2D3 /* Build configuration list for PBXProject "aPartime" */;
			compatibilityVersion = "Xcode 8.0";
			developmentRegion = en;
			hasScannedForEncodings = 0;
			knownRegions = (
				en,
				Base,
			);
			mainGroup = C591FDD21FD6C811007BE2D3;
			productRefGroup = C591FDDC1FD6C811007BE2D3 /* Products */;
			projectDirPath = "";
			projectRoot = "";
			targets = (
				C591FDDA1FD6C811007BE2D3 /* aPartime */,
			);
		};
/* End PBXProject section */

/* Begin PBXResourcesBuildPhase section */
		C591FDD91FD6C811007BE2D3 /* Resources */ = {
			isa = PBXResourcesBuildPhase;
			buildActionMask = 2147483647;
			files = (
				D9E5C5271FDAE70400E28C06 /* FeaturesScreen.storyboard in Resources */,
				C591FDE91FD6C811007BE2D3 /* LaunchScreen.storyboard in Resources */,
				C591FDE61FD6C811007BE2D3 /* Assets.xcassets in Resources */,
				C591FDFA1FD6CB0B007BE2D3 /* LoginScreen.storyboard in Resources */,
				D9FBF8EA1FE2D2F8002F23D6 /* TasksScreen.storyboard in Resources */,
				D969FC851FE1857200FA3353 /* CreateEditScreen.storyboard in Resources */,
				D9E5C4E31FDAE24500E28C06 /* ProjectsScreen.storyboard in Resources */,
				C591FDE41FD6C811007BE2D3 /* Main.storyboard in Resources */,
				D95BE37D1FD7F668005BA9A0 /* GoogleService-Info.plist in Resources */,
			);
			runOnlyForDeploymentPostprocessing = 0;
		};
/* End PBXResourcesBuildPhase section */

/* Begin PBXShellScriptBuildPhase section */
		1F5B83989B4B6B011A6EA8FB /* [CP] Check Pods Manifest.lock */ = {
			isa = PBXShellScriptBuildPhase;
			buildActionMask = 2147483647;
			files = (
			);
			inputPaths = (
				"${PODS_PODFILE_DIR_PATH}/Podfile.lock",
				"${PODS_ROOT}/Manifest.lock",
			);
			name = "[CP] Check Pods Manifest.lock";
			outputPaths = (
				"$(DERIVED_FILE_DIR)/Pods-aPartime-checkManifestLockResult.txt",
			);
			runOnlyForDeploymentPostprocessing = 0;
			shellPath = /bin/sh;
			shellScript = "diff \"${PODS_PODFILE_DIR_PATH}/Podfile.lock\" \"${PODS_ROOT}/Manifest.lock\" > /dev/null\nif [ $? != 0 ] ; then\n    # print error to STDERR\n    echo \"error: The sandbox is not in sync with the Podfile.lock. Run 'pod install' or update your CocoaPods installation.\" >&2\n    exit 1\nfi\n# This output is used by Xcode 'outputs' to avoid re-running this script phase.\necho \"SUCCESS\" > \"${SCRIPT_OUTPUT_FILE_0}\"\n";
			showEnvVarsInLog = 0;
		};
		912DB207B89E23F82C63AC7D /* [CP] Embed Pods Frameworks */ = {
			isa = PBXShellScriptBuildPhase;
			buildActionMask = 2147483647;
			files = (
			);
			inputPaths = (
				"${SRCROOT}/Pods/Target Support Files/Pods-aPartime/Pods-aPartime-frameworks.sh",
				"${BUILT_PRODUCTS_DIR}/Bolts/Bolts.framework",
				"${BUILT_PRODUCTS_DIR}/BoringSSL/openssl.framework",
				"${BUILT_PRODUCTS_DIR}/FBSDKCoreKit/FBSDKCoreKit.framework",
				"${BUILT_PRODUCTS_DIR}/FBSDKLoginKit/FBSDKLoginKit.framework",
				"${BUILT_PRODUCTS_DIR}/FBSDKShareKit/FBSDKShareKit.framework",
				"${BUILT_PRODUCTS_DIR}/FacebookCore/FacebookCore.framework",
				"${BUILT_PRODUCTS_DIR}/FacebookLogin/FacebookLogin.framework",
				"${BUILT_PRODUCTS_DIR}/FacebookShare/FacebookShare.framework",
				"${BUILT_PRODUCTS_DIR}/GTMOAuth2/GTMOAuth2.framework",
				"${BUILT_PRODUCTS_DIR}/GTMSessionFetcher/GTMSessionFetcher.framework",
				"${BUILT_PRODUCTS_DIR}/GoogleToolboxForMac/GoogleToolboxForMac.framework",
				"${BUILT_PRODUCTS_DIR}/Protobuf/Protobuf.framework",
				"${BUILT_PRODUCTS_DIR}/gRPC/GRPCClient.framework",
				"${BUILT_PRODUCTS_DIR}/gRPC-Core/grpc.framework",
				"${BUILT_PRODUCTS_DIR}/gRPC-ProtoRPC/ProtoRPC.framework",
				"${BUILT_PRODUCTS_DIR}/gRPC-RxLibrary/RxLibrary.framework",
				"${BUILT_PRODUCTS_DIR}/leveldb-library/leveldb.framework",
				"${BUILT_PRODUCTS_DIR}/nanopb/nanopb.framework",
			);
			name = "[CP] Embed Pods Frameworks";
			outputPaths = (
				"${TARGET_BUILD_DIR}/${FRAMEWORKS_FOLDER_PATH}/Bolts.framework",
				"${TARGET_BUILD_DIR}/${FRAMEWORKS_FOLDER_PATH}/openssl.framework",
				"${TARGET_BUILD_DIR}/${FRAMEWORKS_FOLDER_PATH}/FBSDKCoreKit.framework",
				"${TARGET_BUILD_DIR}/${FRAMEWORKS_FOLDER_PATH}/FBSDKLoginKit.framework",
				"${TARGET_BUILD_DIR}/${FRAMEWORKS_FOLDER_PATH}/FBSDKShareKit.framework",
				"${TARGET_BUILD_DIR}/${FRAMEWORKS_FOLDER_PATH}/FacebookCore.framework",
				"${TARGET_BUILD_DIR}/${FRAMEWORKS_FOLDER_PATH}/FacebookLogin.framework",
				"${TARGET_BUILD_DIR}/${FRAMEWORKS_FOLDER_PATH}/FacebookShare.framework",
				"${TARGET_BUILD_DIR}/${FRAMEWORKS_FOLDER_PATH}/GTMOAuth2.framework",
				"${TARGET_BUILD_DIR}/${FRAMEWORKS_FOLDER_PATH}/GTMSessionFetcher.framework",
				"${TARGET_BUILD_DIR}/${FRAMEWORKS_FOLDER_PATH}/GoogleToolboxForMac.framework",
				"${TARGET_BUILD_DIR}/${FRAMEWORKS_FOLDER_PATH}/Protobuf.framework",
				"${TARGET_BUILD_DIR}/${FRAMEWORKS_FOLDER_PATH}/GRPCClient.framework",
				"${TARGET_BUILD_DIR}/${FRAMEWORKS_FOLDER_PATH}/grpc.framework",
				"${TARGET_BUILD_DIR}/${FRAMEWORKS_FOLDER_PATH}/ProtoRPC.framework",
				"${TARGET_BUILD_DIR}/${FRAMEWORKS_FOLDER_PATH}/RxLibrary.framework",
				"${TARGET_BUILD_DIR}/${FRAMEWORKS_FOLDER_PATH}/leveldb.framework",
				"${TARGET_BUILD_DIR}/${FRAMEWORKS_FOLDER_PATH}/nanopb.framework",
			);
			runOnlyForDeploymentPostprocessing = 0;
			shellPath = /bin/sh;
			shellScript = "\"${SRCROOT}/Pods/Target Support Files/Pods-aPartime/Pods-aPartime-frameworks.sh\"\n";
			showEnvVarsInLog = 0;
		};
		F498F8388ABE4CC579AC3A9B /* [CP] Copy Pods Resources */ = {
			isa = PBXShellScriptBuildPhase;
			buildActionMask = 2147483647;
			files = (
			);
			inputPaths = (
				"${SRCROOT}/Pods/Target Support Files/Pods-aPartime/Pods-aPartime-resources.sh",
				"${PODS_ROOT}/GoogleSignIn/Resources/GoogleSignIn.bundle",
			);
			name = "[CP] Copy Pods Resources";
			outputPaths = (
				"${TARGET_BUILD_DIR}/${UNLOCALIZED_RESOURCES_FOLDER_PATH}",
			);
			runOnlyForDeploymentPostprocessing = 0;
			shellPath = /bin/sh;
			shellScript = "\"${SRCROOT}/Pods/Target Support Files/Pods-aPartime/Pods-aPartime-resources.sh\"\n";
			showEnvVarsInLog = 0;
		};
/* End PBXShellScriptBuildPhase section */

/* Begin PBXSourcesBuildPhase section */
		C591FDD71FD6C811007BE2D3 /* Sources */ = {
			isa = PBXSourcesBuildPhase;
			buildActionMask = 2147483647;
			files = (
				D9E5C4E21FDAE24500E28C06 /* ProjectsScreenPresenter.swift in Sources */,
				D969FC871FE1857200FA3353 /* CreateEditScreenInteractor.swift in Sources */,
				D9E5C4E41FDAE24500E28C06 /* ProjectCell.swift in Sources */,
				D90729B61FE7BF0A00444124 /* Item.swift in Sources */,
				D9FBF8EC1FE2D2F8002F23D6 /* TasksScreenViewController.swift in Sources */,
				D969FC8A1FE2767400FA3353 /* ProjectViewModel.swift in Sources */,
				C591FDE11FD6C811007BE2D3 /* ViewController.swift in Sources */,
				D9FBF8E91FE2D2F8002F23D6 /* TasksScreenPresenter.swift in Sources */,
				D9E5C4E71FDAE24500E28C06 /* ProjectsScreenInteractor.swift in Sources */,
				D9E5C52A1FDAE70400E28C06 /* FeaturesScreenConfigurator.swift in Sources */,
				D9FBF8EB1FE2D2F8002F23D6 /* TaskCell.swift in Sources */,
				D969FC5B1FE14A4300FA3353 /* DBManager.swift in Sources */,
				D9E5C52C1FDAE70400E28C06 /* FeaturesScreenRouter.swift in Sources */,
				D95BE3821FD838CA005BA9A0 /* LoginScreenInteractor.swift in Sources */,
				D9FBF8E81FE2D2F8002F23D6 /* TaskViewModel.swift in Sources */,
				D9E5C5291FDAE70400E28C06 /* FeaturesScreenViewController.swift in Sources */,
				C591FDDF1FD6C811007BE2D3 /* AppDelegate.swift in Sources */,
				D969FC8D1FE2844300FA3353 /* Feature.swift in Sources */,
				D966F7051FE8124D00FA3294 /* TaskTimer.swift in Sources */,
				D9E5C4E61FDAE24500E28C06 /* ProjectsScreenConfigurator.swift in Sources */,
				D9E5C4E51FDAE24500E28C06 /* ProjectsScreenViewController.swift in Sources */,
				D9FBF8ED1FE2D2F8002F23D6 /* TasksScreenConfigurator.swift in Sources */,
				D969FC831FE1857200FA3353 /* CreateEditScreenPresenter.swift in Sources */,
				D969FC761FE17EEA00FA3353 /* AlertManager.swift in Sources */,
				D9E5C5281FDAE70400E28C06 /* FeatureCell.swift in Sources */,
				D969FC8F1FE2879F00FA3353 /* FeatureViewModel.swift in Sources */,
				D91303C01FD6E7F200F6F9E7 /* LoginScreenPresenter.swift in Sources */,
				D9FBF8E71FE2D2F8002F23D6 /* Task.swift in Sources */,
				D969FC861FE1857200FA3353 /* CreateEditScreenConfigurator.swift in Sources */,
				D969FC881FE1857200FA3353 /* CreateEditScreenRouter.swift in Sources */,
				D9FBF8F21FE41AD5002F23D6 /* User.swift in Sources */,
				D9E5C4D21FDAE02D00E28C06 /* LoginScreenRouter.swift in Sources */,
				D9E5C5261FDAE70400E28C06 /* FeaturesScreenPresenter.swift in Sources */,
				D969FC841FE1857200FA3353 /* CreateEditScreenViewController.swift in Sources */,
				D91303BE1FD6E74800F6F9E7 /* LoginScreenViewController.swift in Sources */,
				D9E5C4E81FDAE24500E28C06 /* ProjectsScreenRouter.swift in Sources */,
				D9FBF8EF1FE2D2F8002F23D6 /* TasksScreenRouter.swift in Sources */,
				D9E5C52B1FDAE70400E28C06 /* FeaturesScreenInteractor.swift in Sources */,
				C591FE021FD6D0D6007BE2D3 /* AppDependencies.swift in Sources */,
				D9FBF8EE1FE2D2F8002F23D6 /* TasksScreenInteractor.swift in Sources */,
				D91303CD1FD6FA8300F6F9E7 /* LoginScreenConfigurator.swift in Sources */,
				D969FC741FE1512600FA3353 /* Project.swift in Sources */,
			);
			runOnlyForDeploymentPostprocessing = 0;
		};
/* End PBXSourcesBuildPhase section */

/* Begin PBXVariantGroup section */
		C591FDE21FD6C811007BE2D3 /* Main.storyboard */ = {
			isa = PBXVariantGroup;
			children = (
				C591FDE31FD6C811007BE2D3 /* Base */,
			);
			name = Main.storyboard;
			sourceTree = "<group>";
		};
		C591FDE71FD6C811007BE2D3 /* LaunchScreen.storyboard */ = {
			isa = PBXVariantGroup;
			children = (
				C591FDE81FD6C811007BE2D3 /* Base */,
			);
			name = LaunchScreen.storyboard;
			sourceTree = "<group>";
		};
/* End PBXVariantGroup section */

/* Begin XCBuildConfiguration section */
		C591FDEB1FD6C811007BE2D3 /* Debug */ = {
			isa = XCBuildConfiguration;
			buildSettings = {
				ALWAYS_SEARCH_USER_PATHS = NO;
				CLANG_ANALYZER_NONNULL = YES;
				CLANG_ANALYZER_NUMBER_OBJECT_CONVERSION = YES_AGGRESSIVE;
				CLANG_CXX_LANGUAGE_STANDARD = "gnu++14";
				CLANG_CXX_LIBRARY = "libc++";
				CLANG_ENABLE_MODULES = YES;
				CLANG_ENABLE_OBJC_ARC = YES;
				CLANG_WARN_BLOCK_CAPTURE_AUTORELEASING = YES;
				CLANG_WARN_BOOL_CONVERSION = YES;
				CLANG_WARN_COMMA = YES;
				CLANG_WARN_CONSTANT_CONVERSION = YES;
				CLANG_WARN_DIRECT_OBJC_ISA_USAGE = YES_ERROR;
				CLANG_WARN_DOCUMENTATION_COMMENTS = YES;
				CLANG_WARN_EMPTY_BODY = YES;
				CLANG_WARN_ENUM_CONVERSION = YES;
				CLANG_WARN_INFINITE_RECURSION = YES;
				CLANG_WARN_INT_CONVERSION = YES;
				CLANG_WARN_NON_LITERAL_NULL_CONVERSION = YES;
				CLANG_WARN_OBJC_LITERAL_CONVERSION = YES;
				CLANG_WARN_OBJC_ROOT_CLASS = YES_ERROR;
				CLANG_WARN_RANGE_LOOP_ANALYSIS = YES;
				CLANG_WARN_STRICT_PROTOTYPES = YES;
				CLANG_WARN_SUSPICIOUS_MOVE = YES;
				CLANG_WARN_UNGUARDED_AVAILABILITY = YES_AGGRESSIVE;
				CLANG_WARN_UNREACHABLE_CODE = YES;
				CLANG_WARN__DUPLICATE_METHOD_MATCH = YES;
				CODE_SIGN_IDENTITY = "iPhone Developer";
				COPY_PHASE_STRIP = NO;
				DEBUG_INFORMATION_FORMAT = dwarf;
				ENABLE_STRICT_OBJC_MSGSEND = YES;
				ENABLE_TESTABILITY = YES;
				GCC_C_LANGUAGE_STANDARD = gnu11;
				GCC_DYNAMIC_NO_PIC = NO;
				GCC_NO_COMMON_BLOCKS = YES;
				GCC_OPTIMIZATION_LEVEL = 0;
				GCC_PREPROCESSOR_DEFINITIONS = (
					"DEBUG=1",
					"$(inherited)",
				);
				GCC_WARN_64_TO_32_BIT_CONVERSION = YES;
				GCC_WARN_ABOUT_RETURN_TYPE = YES_ERROR;
				GCC_WARN_UNDECLARED_SELECTOR = YES;
				GCC_WARN_UNINITIALIZED_AUTOS = YES_AGGRESSIVE;
				GCC_WARN_UNUSED_FUNCTION = YES;
				GCC_WARN_UNUSED_VARIABLE = YES;
				IPHONEOS_DEPLOYMENT_TARGET = 11.1;
				MTL_ENABLE_DEBUG_INFO = YES;
				ONLY_ACTIVE_ARCH = YES;
				SDKROOT = iphoneos;
				SWIFT_ACTIVE_COMPILATION_CONDITIONS = DEBUG;
				SWIFT_OPTIMIZATION_LEVEL = "-Onone";
			};
			name = Debug;
		};
		C591FDEC1FD6C811007BE2D3 /* Release */ = {
			isa = XCBuildConfiguration;
			buildSettings = {
				ALWAYS_SEARCH_USER_PATHS = NO;
				CLANG_ANALYZER_NONNULL = YES;
				CLANG_ANALYZER_NUMBER_OBJECT_CONVERSION = YES_AGGRESSIVE;
				CLANG_CXX_LANGUAGE_STANDARD = "gnu++14";
				CLANG_CXX_LIBRARY = "libc++";
				CLANG_ENABLE_MODULES = YES;
				CLANG_ENABLE_OBJC_ARC = YES;
				CLANG_WARN_BLOCK_CAPTURE_AUTORELEASING = YES;
				CLANG_WARN_BOOL_CONVERSION = YES;
				CLANG_WARN_COMMA = YES;
				CLANG_WARN_CONSTANT_CONVERSION = YES;
				CLANG_WARN_DIRECT_OBJC_ISA_USAGE = YES_ERROR;
				CLANG_WARN_DOCUMENTATION_COMMENTS = YES;
				CLANG_WARN_EMPTY_BODY = YES;
				CLANG_WARN_ENUM_CONVERSION = YES;
				CLANG_WARN_INFINITE_RECURSION = YES;
				CLANG_WARN_INT_CONVERSION = YES;
				CLANG_WARN_NON_LITERAL_NULL_CONVERSION = YES;
				CLANG_WARN_OBJC_LITERAL_CONVERSION = YES;
				CLANG_WARN_OBJC_ROOT_CLASS = YES_ERROR;
				CLANG_WARN_RANGE_LOOP_ANALYSIS = YES;
				CLANG_WARN_STRICT_PROTOTYPES = YES;
				CLANG_WARN_SUSPICIOUS_MOVE = YES;
				CLANG_WARN_UNGUARDED_AVAILABILITY = YES_AGGRESSIVE;
				CLANG_WARN_UNREACHABLE_CODE = YES;
				CLANG_WARN__DUPLICATE_METHOD_MATCH = YES;
				CODE_SIGN_IDENTITY = "iPhone Developer";
				COPY_PHASE_STRIP = NO;
				DEBUG_INFORMATION_FORMAT = "dwarf-with-dsym";
				ENABLE_NS_ASSERTIONS = NO;
				ENABLE_STRICT_OBJC_MSGSEND = YES;
				GCC_C_LANGUAGE_STANDARD = gnu11;
				GCC_NO_COMMON_BLOCKS = YES;
				GCC_WARN_64_TO_32_BIT_CONVERSION = YES;
				GCC_WARN_ABOUT_RETURN_TYPE = YES_ERROR;
				GCC_WARN_UNDECLARED_SELECTOR = YES;
				GCC_WARN_UNINITIALIZED_AUTOS = YES_AGGRESSIVE;
				GCC_WARN_UNUSED_FUNCTION = YES;
				GCC_WARN_UNUSED_VARIABLE = YES;
				IPHONEOS_DEPLOYMENT_TARGET = 11.1;
				MTL_ENABLE_DEBUG_INFO = NO;
				SDKROOT = iphoneos;
				SWIFT_OPTIMIZATION_LEVEL = "-Owholemodule";
				VALIDATE_PRODUCT = YES;
			};
			name = Release;
		};
		C591FDEE1FD6C811007BE2D3 /* Debug */ = {
			isa = XCBuildConfiguration;
			baseConfigurationReference = F460FA9BC4160BD6AB1A4269 /* Pods-aPartime.debug.xcconfig */;
			buildSettings = {
				ASSETCATALOG_COMPILER_APPICON_NAME = AppIcon;
				CODE_SIGN_ENTITLEMENTS = aPartime/aPartime.entitlements;
				CODE_SIGN_STYLE = Automatic;
				DEVELOPMENT_TEAM = 7XSVATSQ6N;
				INFOPLIST_FILE = aPartime/Info.plist;
				LD_RUNPATH_SEARCH_PATHS = "$(inherited) @executable_path/Frameworks";
				PRODUCT_BUNDLE_IDENTIFIER = team.kinect.pro.aPartime;
				PRODUCT_NAME = "$(TARGET_NAME)";
				SWIFT_VERSION = 4.0;
				TARGETED_DEVICE_FAMILY = "1,2";
			};
			name = Debug;
		};
		C591FDEF1FD6C811007BE2D3 /* Release */ = {
			isa = XCBuildConfiguration;
			baseConfigurationReference = DD470F8E1502B8054162C024 /* Pods-aPartime.release.xcconfig */;
			buildSettings = {
				ASSETCATALOG_COMPILER_APPICON_NAME = AppIcon;
				CODE_SIGN_ENTITLEMENTS = aPartime/aPartime.entitlements;
				CODE_SIGN_STYLE = Automatic;
				DEVELOPMENT_TEAM = 7XSVATSQ6N;
				INFOPLIST_FILE = aPartime/Info.plist;
				LD_RUNPATH_SEARCH_PATHS = "$(inherited) @executable_path/Frameworks";
				PRODUCT_BUNDLE_IDENTIFIER = team.kinect.pro.aPartime;
				PRODUCT_NAME = "$(TARGET_NAME)";
				SWIFT_VERSION = 4.0;
				TARGETED_DEVICE_FAMILY = "1,2";
			};
			name = Release;
		};
/* End XCBuildConfiguration section */

/* Begin XCConfigurationList section */
		C591FDD61FD6C811007BE2D3 /* Build configuration list for PBXProject "aPartime" */ = {
			isa = XCConfigurationList;
			buildConfigurations = (
				C591FDEB1FD6C811007BE2D3 /* Debug */,
				C591FDEC1FD6C811007BE2D3 /* Release */,
			);
			defaultConfigurationIsVisible = 0;
			defaultConfigurationName = Release;
		};
		C591FDED1FD6C811007BE2D3 /* Build configuration list for PBXNativeTarget "aPartime" */ = {
			isa = XCConfigurationList;
			buildConfigurations = (
				C591FDEE1FD6C811007BE2D3 /* Debug */,
				C591FDEF1FD6C811007BE2D3 /* Release */,
			);
			defaultConfigurationIsVisible = 0;
			defaultConfigurationName = Release;
		};
/* End XCConfigurationList section */
	};
	rootObject = C591FDD31FD6C811007BE2D3 /* Project object */;
}
