// !$*UTF8*$!
{
	archiveVersion = 1;
	classes = {
	};
	objectVersion = 48;
	objects = {

/* Begin PBXBuildFile section */
		C591FDDF1FD6C811007BE2D3 /* AppDelegate.swift in Sources */ = {isa = PBXBuildFile; fileRef = C591FDDE1FD6C811007BE2D3 /* AppDelegate.swift */; };
		C591FDE11FD6C811007BE2D3 /* ViewController.swift in Sources */ = {isa = PBXBuildFile; fileRef = C591FDE01FD6C811007BE2D3 /* ViewController.swift */; };
		C591FDE41FD6C811007BE2D3 /* Main.storyboard in Resources */ = {isa = PBXBuildFile; fileRef = C591FDE21FD6C811007BE2D3 /* Main.storyboard */; };
		C591FDE61FD6C811007BE2D3 /* Assets.xcassets in Resources */ = {isa = PBXBuildFile; fileRef = C591FDE51FD6C811007BE2D3 /* Assets.xcassets */; };
		C591FDE91FD6C811007BE2D3 /* LaunchScreen.storyboard in Resources */ = {isa = PBXBuildFile; fileRef = C591FDE71FD6C811007BE2D3 /* LaunchScreen.storyboard */; };
/* End PBXBuildFile section */

/* Begin PBXFileReference section */
		C591FDDB1FD6C811007BE2D3 /* aPartime.app */ = {isa = PBXFileReference; explicitFileType = wrapper.application; includeInIndex = 0; path = aPartime.app; sourceTree = BUILT_PRODUCTS_DIR; };
		C591FDDE1FD6C811007BE2D3 /* AppDelegate.swift */ = {isa = PBXFileReference; lastKnownFileType = sourcecode.swift; path = AppDelegate.swift; sourceTree = "<group>"; };
		C591FDE01FD6C811007BE2D3 /* ViewController.swift */ = {isa = PBXFileReference; lastKnownFileType = sourcecode.swift; path = ViewController.swift; sourceTree = "<group>"; };
		C591FDE31FD6C811007BE2D3 /* Base */ = {isa = PBXFileReference; lastKnownFileType = file.storyboard; name = Base; path = Base.lproj/Main.storyboard; sourceTree = "<group>"; };
		C591FDE51FD6C811007BE2D3 /* Assets.xcassets */ = {isa = PBXFileReference; lastKnownFileType = folder.assetcatalog; path = Assets.xcassets; sourceTree = "<group>"; };
		C591FDE81FD6C811007BE2D3 /* Base */ = {isa = PBXFileReference; lastKnownFileType = file.storyboard; name = Base; path = Base.lproj/LaunchScreen.storyboard; sourceTree = "<group>"; };
		C591FDEA1FD6C811007BE2D3 /* Info.plist */ = {isa = PBXFileReference; lastKnownFileType = text.plist.xml; path = Info.plist; sourceTree = "<group>"; };
/* End PBXFileReference section */

/* Begin PBXFrameworksBuildPhase section */
		C591FDD81FD6C811007BE2D3 /* Frameworks */ = {
			isa = PBXFrameworksBuildPhase;
			buildActionMask = 2147483647;
			files = (
			);
			runOnlyForDeploymentPostprocessing = 0;
		};
/* End PBXFrameworksBuildPhase section */

/* Begin PBXGroup section */
		C591FDD21FD6C811007BE2D3 = {
			isa = PBXGroup;
			children = (
				C591FDDD1FD6C811007BE2D3 /* aPartime */,
				C591FDDC1FD6C811007BE2D3 /* Products */,
			);
			sourceTree = "<group>";
		};
		C591FDDC1FD6C811007BE2D3 /* Products */ = {
			isa = PBXGroup;
			children = (
				C591FDDB1FD6C811007BE2D3 /* aPartime.app */,
			);
			name = Products;
			sourceTree = "<group>";
		};
		C591FDDD1FD6C811007BE2D3 /* aPartime */ = {
			isa = PBXGroup;
			children = (
				C591FDDE1FD6C811007BE2D3 /* AppDelegate.swift */,
				C591FDE01FD6C811007BE2D3 /* ViewController.swift */,
				C591FDE21FD6C811007BE2D3 /* Main.storyboard */,
				C591FDE51FD6C811007BE2D3 /* Assets.xcassets */,
				C591FDE71FD6C811007BE2D3 /* LaunchScreen.storyboard */,
				C591FDEA1FD6C811007BE2D3 /* Info.plist */,
			);
			path = aPartime;
			sourceTree = "<group>";
		};
/* End PBXGroup section */

/* Begin PBXNativeTarget section */
		C591FDDA1FD6C811007BE2D3 /* aPartime */ = {
			isa = PBXNativeTarget;
			buildConfigurationList = C591FDED1FD6C811007BE2D3 /* Build configuration list for PBXNativeTarget "aPartime" */;
			buildPhases = (
				C591FDD71FD6C811007BE2D3 /* Sources */,
				C591FDD81FD6C811007BE2D3 /* Frameworks */,
				C591FDD91FD6C811007BE2D3 /* Resources */,
			);
			buildRules = (
			);
			dependencies = (
			);
			name = aPartime;
			productName = aPartime;
			productReference = C591FDDB1FD6C811007BE2D3 /* aPartime.app */;
			productType = "com.apple.product-type.application";
		};
/* End PBXNativeTarget section */

/* Begin PBXProject section */
		C591FDD31FD6C811007BE2D3 /* Project object */ = {
			isa = PBXProject;
			attributes = {
				LastSwiftUpdateCheck = 0910;
				LastUpgradeCheck = 0910;
				ORGANIZATIONNAME = kinectpro;
				TargetAttributes = {
					C591FDDA1FD6C811007BE2D3 = {
						CreatedOnToolsVersion = 9.1;
						ProvisioningStyle = Automatic;
					};
				};
			};
			buildConfigurationList = C591FDD61FD6C811007BE2D3 /* Build configuration list for PBXProject "aPartime" */;
			compatibilityVersion = "Xcode 8.0";
			developmentRegion = en;
			hasScannedForEncodings = 0;
			knownRegions = (
				en,
				Base,
			);
			mainGroup = C591FDD21FD6C811007BE2D3;
			productRefGroup = C591FDDC1FD6C811007BE2D3 /* Products */;
			projectDirPath = "";
			projectRoot = "";
			targets = (
				C591FDDA1FD6C811007BE2D3 /* aPartime */,
			);
		};
/* End PBXProject section */

/* Begin PBXResourcesBuildPhase section */
		C591FDD91FD6C811007BE2D3 /* Resources */ = {
			isa = PBXResourcesBuildPhase;
			buildActionMask = 2147483647;
			files = (
				C591FDE91FD6C811007BE2D3 /* LaunchScreen.storyboard in Resources */,
				C591FDE61FD6C811007BE2D3 /* Assets.xcassets in Resources */,
				C591FDE41FD6C811007BE2D3 /* Main.storyboard in Resources */,
			);
			runOnlyForDeploymentPostprocessing = 0;
		};
/* End PBXResourcesBuildPhase section */

/* Begin PBXSourcesBuildPhase section */
		C591FDD71FD6C811007BE2D3 /* Sources */ = {
			isa = PBXSourcesBuildPhase;
			buildActionMask = 2147483647;
			files = (
				C591FDE11FD6C811007BE2D3 /* ViewController.swift in Sources */,
				C591FDDF1FD6C811007BE2D3 /* AppDelegate.swift in Sources */,
			);
			runOnlyForDeploymentPostprocessing = 0;
		};
/* End PBXSourcesBuildPhase section */

/* Begin PBXVariantGroup section */
		C591FDE21FD6C811007BE2D3 /* Main.storyboard */ = {
			isa = PBXVariantGroup;
			children = (
				C591FDE31FD6C811007BE2D3 /* Base */,
			);
			name = Main.storyboard;
			sourceTree = "<group>";
		};
		C591FDE71FD6C811007BE2D3 /* LaunchScreen.storyboard */ = {
			isa = PBXVariantGroup;
			children = (
				C591FDE81FD6C811007BE2D3 /* Base */,
			);
			name = LaunchScreen.storyboard;
			sourceTree = "<group>";
		};
/* End PBXVariantGroup section */

/* Begin XCBuildConfiguration section */
		C591FDEB1FD6C811007BE2D3 /* Debug */ = {
			isa = XCBuildConfiguration;
			buildSettings = {
				ALWAYS_SEARCH_USER_PATHS = NO;
				CLANG_ANALYZER_NONNULL = YES;
				CLANG_ANALYZER_NUMBER_OBJECT_CONVERSION = YES_AGGRESSIVE;
				CLANG_CXX_LANGUAGE_STANDARD = "gnu++14";
				CLANG_CXX_LIBRARY = "libc++";
				CLANG_ENABLE_MODULES = YES;
				CLANG_ENABLE_OBJC_ARC = YES;
				CLANG_WARN_BLOCK_CAPTURE_AUTORELEASING = YES;
				CLANG_WARN_BOOL_CONVERSION = YES;
				CLANG_WARN_COMMA = YES;
				CLANG_WARN_CONSTANT_CONVERSION = YES;
				CLANG_WARN_DIRECT_OBJC_ISA_USAGE = YES_ERROR;
				CLANG_WARN_DOCUMENTATION_COMMENTS = YES;
				CLANG_WARN_EMPTY_BODY = YES;
				CLANG_WARN_ENUM_CONVERSION = YES;
				CLANG_WARN_INFINITE_RECURSION = YES;
				CLANG_WARN_INT_CONVERSION = YES;
				CLANG_WARN_NON_LITERAL_NULL_CONVERSION = YES;
				CLANG_WARN_OBJC_LITERAL_CONVERSION = YES;
				CLANG_WARN_OBJC_ROOT_CLASS = YES_ERROR;
				CLANG_WARN_RANGE_LOOP_ANALYSIS = YES;
				CLANG_WARN_STRICT_PROTOTYPES = YES;
				CLANG_WARN_SUSPICIOUS_MOVE = YES;
				CLANG_WARN_UNGUARDED_AVAILABILITY = YES_AGGRESSIVE;
				CLANG_WARN_UNREACHABLE_CODE = YES;
				CLANG_WARN__DUPLICATE_METHOD_MATCH = YES;
				CODE_SIGN_IDENTITY = "iPhone Developer";
				COPY_PHASE_STRIP = NO;
				DEBUG_INFORMATION_FORMAT = dwarf;
				ENABLE_STRICT_OBJC_MSGSEND = YES;
				ENABLE_TESTABILITY = YES;
				GCC_C_LANGUAGE_STANDARD = gnu11;
				GCC_DYNAMIC_NO_PIC = NO;
				GCC_NO_COMMON_BLOCKS = YES;
				GCC_OPTIMIZATION_LEVEL = 0;
				GCC_PREPROCESSOR_DEFINITIONS = (
					"DEBUG=1",
					"$(inherited)",
				);
				GCC_WARN_64_TO_32_BIT_CONVERSION = YES;
				GCC_WARN_ABOUT_RETURN_TYPE = YES_ERROR;
				GCC_WARN_UNDECLARED_SELECTOR = YES;
				GCC_WARN_UNINITIALIZED_AUTOS = YES_AGGRESSIVE;
				GCC_WARN_UNUSED_FUNCTION = YES;
				GCC_WARN_UNUSED_VARIABLE = YES;
				IPHONEOS_DEPLOYMENT_TARGET = 11.1;
				MTL_ENABLE_DEBUG_INFO = YES;
				ONLY_ACTIVE_ARCH = YES;
				SDKROOT = iphoneos;
				SWIFT_ACTIVE_COMPILATION_CONDITIONS = DEBUG;
				SWIFT_OPTIMIZATION_LEVEL = "-Onone";
			};
			name = Debug;
		};
		C591FDEC1FD6C811007BE2D3 /* Release */ = {
			isa = XCBuildConfiguration;
			buildSettings = {
				ALWAYS_SEARCH_USER_PATHS = NO;
				CLANG_ANALYZER_NONNULL = YES;
				CLANG_ANALYZER_NUMBER_OBJECT_CONVERSION = YES_AGGRESSIVE;
				CLANG_CXX_LANGUAGE_STANDARD = "gnu++14";
				CLANG_CXX_LIBRARY = "libc++";
				CLANG_ENABLE_MODULES = YES;
				CLANG_ENABLE_OBJC_ARC = YES;
				CLANG_WARN_BLOCK_CAPTURE_AUTORELEASING = YES;
				CLANG_WARN_BOOL_CONVERSION = YES;
				CLANG_WARN_COMMA = YES;
				CLANG_WARN_CONSTANT_CONVERSION = YES;
				CLANG_WARN_DIRECT_OBJC_ISA_USAGE = YES_ERROR;
				CLANG_WARN_DOCUMENTATION_COMMENTS = YES;
				CLANG_WARN_EMPTY_BODY = YES;
				CLANG_WARN_ENUM_CONVERSION = YES;
				CLANG_WARN_INFINITE_RECURSION = YES;
				CLANG_WARN_INT_CONVERSION = YES;
				CLANG_WARN_NON_LITERAL_NULL_CONVERSION = YES;
				CLANG_WARN_OBJC_LITERAL_CONVERSION = YES;
				CLANG_WARN_OBJC_ROOT_CLASS = YES_ERROR;
				CLANG_WARN_RANGE_LOOP_ANALYSIS = YES;
				CLANG_WARN_STRICT_PROTOTYPES = YES;
				CLANG_WARN_SUSPICIOUS_MOVE = YES;
				CLANG_WARN_UNGUARDED_AVAILABILITY = YES_AGGRESSIVE;
				CLANG_WARN_UNREACHABLE_CODE = YES;
				CLANG_WARN__DUPLICATE_METHOD_MATCH = YES;
				CODE_SIGN_IDENTITY = "iPhone Developer";
				COPY_PHASE_STRIP = NO;
				DEBUG_INFORMATION_FORMAT = "dwarf-with-dsym";
				ENABLE_NS_ASSERTIONS = NO;
				ENABLE_STRICT_OBJC_MSGSEND = YES;
				GCC_C_LANGUAGE_STANDARD = gnu11;
				GCC_NO_COMMON_BLOCKS = YES;
				GCC_WARN_64_TO_32_BIT_CONVERSION = YES;
				GCC_WARN_ABOUT_RETURN_TYPE = YES_ERROR;
				GCC_WARN_UNDECLARED_SELECTOR = YES;
				GCC_WARN_UNINITIALIZED_AUTOS = YES_AGGRESSIVE;
				GCC_WARN_UNUSED_FUNCTION = YES;
				GCC_WARN_UNUSED_VARIABLE = YES;
				IPHONEOS_DEPLOYMENT_TARGET = 11.1;
				MTL_ENABLE_DEBUG_INFO = NO;
				SDKROOT = iphoneos;
				SWIFT_OPTIMIZATION_LEVEL = "-Owholemodule";
				VALIDATE_PRODUCT = YES;
			};
			name = Release;
		};
		C591FDEE1FD6C811007BE2D3 /* Debug */ = {
			isa = XCBuildConfiguration;
			buildSettings = {
				ASSETCATALOG_COMPILER_APPICON_NAME = AppIcon;
				CODE_SIGN_STYLE = Automatic;
				DEVELOPMENT_TEAM = 7XSVATSQ6N;
				INFOPLIST_FILE = aPartime/Info.plist;
				LD_RUNPATH_SEARCH_PATHS = "$(inherited) @executable_path/Frameworks";
				PRODUCT_BUNDLE_IDENTIFIER = team.kinectpro.aPartime;
				PRODUCT_NAME = "$(TARGET_NAME)";
				SWIFT_VERSION = 4.0;
				TARGETED_DEVICE_FAMILY = "1,2";
			};
			name = Debug;
		};
		C591FDEF1FD6C811007BE2D3 /* Release */ = {
			isa = XCBuildConfiguration;
			buildSettings = {
				ASSETCATALOG_COMPILER_APPICON_NAME = AppIcon;
				CODE_SIGN_STYLE = Automatic;
				DEVELOPMENT_TEAM = 7XSVATSQ6N;
				INFOPLIST_FILE = aPartime/Info.plist;
				LD_RUNPATH_SEARCH_PATHS = "$(inherited) @executable_path/Frameworks";
				PRODUCT_BUNDLE_IDENTIFIER = team.kinectpro.aPartime;
				PRODUCT_NAME = "$(TARGET_NAME)";
				SWIFT_VERSION = 4.0;
				TARGETED_DEVICE_FAMILY = "1,2";
			};
			name = Release;
		};
/* End XCBuildConfiguration section */

/* Begin XCConfigurationList section */
		C591FDD61FD6C811007BE2D3 /* Build configuration list for PBXProject "aPartime" */ = {
			isa = XCConfigurationList;
			buildConfigurations = (
				C591FDEB1FD6C811007BE2D3 /* Debug */,
				C591FDEC1FD6C811007BE2D3 /* Release */,
			);
			defaultConfigurationIsVisible = 0;
			defaultConfigurationName = Release;
		};
		C591FDED1FD6C811007BE2D3 /* Build configuration list for PBXNativeTarget "aPartime" */ = {
			isa = XCConfigurationList;
			buildConfigurations = (
				C591FDEE1FD6C811007BE2D3 /* Debug */,
				C591FDEF1FD6C811007BE2D3 /* Release */,
			);
			defaultConfigurationIsVisible = 0;
			defaultConfigurationName = Release;
		};
/* End XCConfigurationList section */
	};
	rootObject = C591FDD31FD6C811007BE2D3 /* Project object */;
}
